// !$*UTF8*$!
{
	archiveVersion = 1;
	classes = {
	};
	objectVersion = 46;
	objects = {

/* Begin PBXBuildFile section */
		07E757A015965857000EA122 /* ForumViewController.m in Sources */ = {isa = PBXBuildFile; fileRef = 07E7579E15965856000EA122 /* ForumViewController.m */; };
		07E757A115965857000EA122 /* ForumViewController.xib in Resources */ = {isa = PBXBuildFile; fileRef = 07E7579F15965856000EA122 /* ForumViewController.xib */; };
		07EEC8541587BDAC006A7F37 /* ChoiceViewController.m in Sources */ = {isa = PBXBuildFile; fileRef = 07EEC8521587BDAC006A7F37 /* ChoiceViewController.m */; };
		07EEC85D1587CCC2006A7F37 /* SettingsViewController.m in Sources */ = {isa = PBXBuildFile; fileRef = 07EEC85B1587CCC2006A7F37 /* SettingsViewController.m */; };
		07F05FE91586709B00380D63 /* UIKit.framework in Frameworks */ = {isa = PBXBuildFile; fileRef = 07F05FE81586709B00380D63 /* UIKit.framework */; };
		07F05FEB1586709B00380D63 /* Foundation.framework in Frameworks */ = {isa = PBXBuildFile; fileRef = 07F05FEA1586709B00380D63 /* Foundation.framework */; };
		07F05FEF1586709B00380D63 /* CoreData.framework in Frameworks */ = {isa = PBXBuildFile; fileRef = 07F05FEE1586709B00380D63 /* CoreData.framework */; };
		07F05FF71586709B00380D63 /* main.m in Sources */ = {isa = PBXBuildFile; fileRef = 07F05FF61586709B00380D63 /* main.m */; };
		07F05FFB1586709B00380D63 /* AppDelegate.m in Sources */ = {isa = PBXBuildFile; fileRef = 07F05FFA1586709B00380D63 /* AppDelegate.m */; };
		07F05FFE1586709B00380D63 /* Infernales.xcdatamodeld in Sources */ = {isa = PBXBuildFile; fileRef = 07F05FFC1586709B00380D63 /* Infernales.xcdatamodeld */; };
		47E3FA0189C648639A07CF03 /* libPods.a in Frameworks */ = {isa = PBXBuildFile; fileRef = FC6DF6937B8E46A286E6D1B3 /* libPods.a */; };
		CB0AC9B5170234A1007C13B0 /* ShoutboxViewController.m in Sources */ = {isa = PBXBuildFile; fileRef = CB0AC9B3170234A1007C13B0 /* ShoutboxViewController.m */; };
		CB0AC9B6170234A1007C13B0 /* ShoutboxViewController.xib in Resources */ = {isa = PBXBuildFile; fileRef = CB0AC9B4170234A1007C13B0 /* ShoutboxViewController.xib */; };
		CB1FB42816FCFC31003636BA /* MessageInputBarBackground.png in Resources */ = {isa = PBXBuildFile; fileRef = CB1FB42716FCFC31003636BA /* MessageInputBarBackground.png */; };
		CB1FB42A16FCFD78003636BA /* MessageInputBarBackground@2x.png in Resources */ = {isa = PBXBuildFile; fileRef = CB1FB42916FCFD78003636BA /* MessageInputBarBackground@2x.png */; };
		CB1FB42D16FCFD84003636BA /* MessageInputFieldBackground.png in Resources */ = {isa = PBXBuildFile; fileRef = CB1FB42B16FCFD84003636BA /* MessageInputFieldBackground.png */; };
		CB1FB42E16FCFD84003636BA /* MessageInputFieldBackground@2x.png in Resources */ = {isa = PBXBuildFile; fileRef = CB1FB42C16FCFD84003636BA /* MessageInputFieldBackground@2x.png */; };
		CB1FB43116FCFD8C003636BA /* SendButton.png in Resources */ = {isa = PBXBuildFile; fileRef = CB1FB42F16FCFD8C003636BA /* SendButton.png */; };
		CB1FB43216FCFD8C003636BA /* SendButton@2x.png in Resources */ = {isa = PBXBuildFile; fileRef = CB1FB43016FCFD8C003636BA /* SendButton@2x.png */; };
		CB1FB43516FCFD92003636BA /* SendButtonHighlighted.png in Resources */ = {isa = PBXBuildFile; fileRef = CB1FB43316FCFD92003636BA /* SendButtonHighlighted.png */; };
		CB1FB43616FCFD92003636BA /* SendButtonHighlighted@2x.png in Resources */ = {isa = PBXBuildFile; fileRef = CB1FB43416FCFD92003636BA /* SendButtonHighlighted@2x.png */; };
		CB21A91316F11F5F00BD3735 /* PostdetailViewController.m in Sources */ = {isa = PBXBuildFile; fileRef = CB21A91116F11F5F00BD3735 /* PostdetailViewController.m */; };
		CB21A91416F11F5F00BD3735 /* PostdetailViewController.xib in Resources */ = {isa = PBXBuildFile; fileRef = CB21A91216F11F5F00BD3735 /* PostdetailViewController.xib */; };
		CB36CB781719656500AF44B4 /* MessageViewCell.m in Sources */ = {isa = PBXBuildFile; fileRef = CB36CB771719656500AF44B4 /* MessageViewCell.m */; };
		CB36CB7A1719657C00AF44B4 /* MessageViewCell.xib in Resources */ = {isa = PBXBuildFile; fileRef = CB36CB791719657C00AF44B4 /* MessageViewCell.xib */; };
		CB36CB83171968A600AF44B4 /* MessageDetailViewController.m in Sources */ = {isa = PBXBuildFile; fileRef = CB36CB81171968A600AF44B4 /* MessageDetailViewController.m */; };
		CB36CB84171968A600AF44B4 /* MessageDetailViewController.xib in Resources */ = {isa = PBXBuildFile; fileRef = CB36CB82171968A600AF44B4 /* MessageDetailViewController.xib */; };
		CB44E2E116F9046D0050DA9C /* libz.dylib in Frameworks */ = {isa = PBXBuildFile; fileRef = CB44E2E016F9046D0050DA9C /* libz.dylib */; };
		CB4B49F618C73A910014078E /* NSString+phpfusiontags.m in Sources */ = {isa = PBXBuildFile; fileRef = CB4B49F518C73A910014078E /* NSString+phpfusiontags.m */; };
		CB801351173440FC00CBDEEE /* splash@2x.png in Resources */ = {isa = PBXBuildFile; fileRef = CB801350173440FC00CBDEEE /* splash@2x.png */; };
		CB801353173440FF00CBDEEE /* splash.png in Resources */ = {isa = PBXBuildFile; fileRef = CB801352173440FF00CBDEEE /* splash.png */; };
		CB87B5CD16ED0BFC0022355F /* infernales.png in Resources */ = {isa = PBXBuildFile; fileRef = CB87B5CC16ED0BFC0022355F /* infernales.png */; };
		CB893B6816E684F00028DBF0 /* foldernew.gif in Resources */ = {isa = PBXBuildFile; fileRef = CB893B6716E684F00028DBF0 /* foldernew.gif */; };
		CB893B6F16E696A80028DBF0 /* PostViewController.m in Sources */ = {isa = PBXBuildFile; fileRef = CB893B6D16E696A80028DBF0 /* PostViewController.m */; };
		CB893B7016E696A80028DBF0 /* PostViewController.xib in Resources */ = {isa = PBXBuildFile; fileRef = CB893B6E16E696A80028DBF0 /* PostViewController.xib */; };
		CB91035F16FBA2DC00DA7E07 /* PostFormViewController.m in Sources */ = {isa = PBXBuildFile; fileRef = CB91035D16FBA2DC00DA7E07 /* PostFormViewController.m */; };
		CB9D836216E375FC0047B1F2 /* NSString+HtmlEntities.m in Sources */ = {isa = PBXBuildFile; fileRef = CB9D836116E375FC0047B1F2 /* NSString+HtmlEntities.m */; };
		CB9D836516E38E7D0047B1F2 /* ThreadViewCell.m in Sources */ = {isa = PBXBuildFile; fileRef = CB9D836416E38E7D0047B1F2 /* ThreadViewCell.m */; };
		CB9D836716E390090047B1F2 /* ThreadViewCell.xib in Resources */ = {isa = PBXBuildFile; fileRef = CB9D836616E390090047B1F2 /* ThreadViewCell.xib */; };
		CBAB310E172DA56A00E79810 /* MessageNewViewController.m in Sources */ = {isa = PBXBuildFile; fileRef = CBAB310C172DA56A00E79810 /* MessageNewViewController.m */; };
		CBAD4910173D872600EC8365 /* MessageFormViewController.m in Sources */ = {isa = PBXBuildFile; fileRef = CBAD490E173D872600EC8365 /* MessageFormViewController.m */; };
		CBAFD2D616EA7D21002D4BE8 /* PostViewCell.m in Sources */ = {isa = PBXBuildFile; fileRef = CBAFD2D516EA7D21002D4BE8 /* PostViewCell.m */; };
		CBAFD2D816EA7D36002D4BE8 /* PostViewCell.xib in Resources */ = {isa = PBXBuildFile; fileRef = CBAFD2D716EA7D36002D4BE8 /* PostViewCell.xib */; };
		CBB2D96118D82D7600761396 /* splash-568h@2x.png in Resources */ = {isa = PBXBuildFile; fileRef = CBB2D96018D82D7600761396 /* splash-568h@2x.png */; };
		CBCFB1B916E3E2C500972EEB /* pin.png in Resources */ = {isa = PBXBuildFile; fileRef = CBCFB1B816E3E2C500972EEB /* pin.png */; };
		CBD0273C17085E7000EC67D3 /* ThreadFormViewController.m in Sources */ = {isa = PBXBuildFile; fileRef = CBD0273A17085E7000EC67D3 /* ThreadFormViewController.m */; };
		CBD0273D17085E7000EC67D3 /* ThreadFormViewController.xib in Resources */ = {isa = PBXBuildFile; fileRef = CBD0273B17085E7000EC67D3 /* ThreadFormViewController.xib */; };
		CBD027411708A95A00EC67D3 /* ShoutboxDetailViewController.m in Sources */ = {isa = PBXBuildFile; fileRef = CBD0273F1708A95A00EC67D3 /* ShoutboxDetailViewController.m */; };
		CBD027421708A95A00EC67D3 /* ShoutboxDetailViewController.xib in Resources */ = {isa = PBXBuildFile; fileRef = CBD027401708A95A00EC67D3 /* ShoutboxDetailViewController.xib */; };
		CBD027461708B05B00EC67D3 /* ShoutboxFormViewController.m in Sources */ = {isa = PBXBuildFile; fileRef = CBD027441708B05A00EC67D3 /* ShoutboxFormViewController.m */; };
		CBD027471708B05B00EC67D3 /* ShoutboxFormViewController.xib in Resources */ = {isa = PBXBuildFile; fileRef = CBD027451708B05A00EC67D3 /* ShoutboxFormViewController.xib */; };
		CBE9BEF816E546AE0050EE0F /* ForumViewCell.m in Sources */ = {isa = PBXBuildFile; fileRef = CBE9BEF716E546AE0050EE0F /* ForumViewCell.m */; };
		CBE9BEFA16E5470F0050EE0F /* ForumViewCell.xib in Resources */ = {isa = PBXBuildFile; fileRef = CBE9BEF916E5470F0050EE0F /* ForumViewCell.xib */; };
		CBF161F415B350990030D2C2 /* ThreadViewController.m in Sources */ = {isa = PBXBuildFile; fileRef = CBF161F215B350990030D2C2 /* ThreadViewController.m */; };
		CBF161F515B350990030D2C2 /* ThreadViewController.xib in Resources */ = {isa = PBXBuildFile; fileRef = CBF161F315B350990030D2C2 /* ThreadViewController.xib */; };
		CBF60D3917078895004A67C8 /* ShoutboxViewCell.m in Sources */ = {isa = PBXBuildFile; fileRef = CBF60D3817078895004A67C8 /* ShoutboxViewCell.m */; };
		CBF60D3B170788AC004A67C8 /* ShoutboxViewCell.xib in Resources */ = {isa = PBXBuildFile; fileRef = CBF60D3A170788AC004A67C8 /* ShoutboxViewCell.xib */; };
		CBF7C2C31718B06300F1761B /* MessagesViewController.m in Sources */ = {isa = PBXBuildFile; fileRef = CBF7C2C11718B06300F1761B /* MessagesViewController.m */; };
		CBF7C2C41718B06300F1761B /* MessagesViewController.xib in Resources */ = {isa = PBXBuildFile; fileRef = CBF7C2C21718B06300F1761B /* MessagesViewController.xib */; };
/* End PBXBuildFile section */

/* Begin PBXFileReference section */
		07E7579D15965856000EA122 /* ForumViewController.h */ = {isa = PBXFileReference; fileEncoding = 4; lastKnownFileType = sourcecode.c.h; path = ForumViewController.h; sourceTree = "<group>"; };
		07E7579E15965856000EA122 /* ForumViewController.m */ = {isa = PBXFileReference; fileEncoding = 4; lastKnownFileType = sourcecode.c.objc; path = ForumViewController.m; sourceTree = "<group>"; };
		07E7579F15965856000EA122 /* ForumViewController.xib */ = {isa = PBXFileReference; fileEncoding = 4; lastKnownFileType = file.xib; path = ForumViewController.xib; sourceTree = "<group>"; };
		07EEC8511587BDAC006A7F37 /* ChoiceViewController.h */ = {isa = PBXFileReference; fileEncoding = 4; lastKnownFileType = sourcecode.c.h; path = ChoiceViewController.h; sourceTree = "<group>"; };
		07EEC8521587BDAC006A7F37 /* ChoiceViewController.m */ = {isa = PBXFileReference; fileEncoding = 4; lastKnownFileType = sourcecode.c.objc; path = ChoiceViewController.m; sourceTree = "<group>"; };
		07EEC85A1587CCC2006A7F37 /* SettingsViewController.h */ = {isa = PBXFileReference; fileEncoding = 4; lastKnownFileType = sourcecode.c.h; path = SettingsViewController.h; sourceTree = "<group>"; };
		07EEC85B1587CCC2006A7F37 /* SettingsViewController.m */ = {isa = PBXFileReference; fileEncoding = 4; lastKnownFileType = sourcecode.c.objc; path = SettingsViewController.m; sourceTree = "<group>"; };
		07F05FE41586709B00380D63 /* Infernales.app */ = {isa = PBXFileReference; explicitFileType = wrapper.application; includeInIndex = 0; path = Infernales.app; sourceTree = BUILT_PRODUCTS_DIR; };
		07F05FE81586709B00380D63 /* UIKit.framework */ = {isa = PBXFileReference; lastKnownFileType = wrapper.framework; name = UIKit.framework; path = System/Library/Frameworks/UIKit.framework; sourceTree = SDKROOT; };
		07F05FEA1586709B00380D63 /* Foundation.framework */ = {isa = PBXFileReference; lastKnownFileType = wrapper.framework; name = Foundation.framework; path = System/Library/Frameworks/Foundation.framework; sourceTree = SDKROOT; };
		07F05FEC1586709B00380D63 /* CoreGraphics.framework */ = {isa = PBXFileReference; lastKnownFileType = wrapper.framework; name = CoreGraphics.framework; path = System/Library/Frameworks/CoreGraphics.framework; sourceTree = SDKROOT; };
		07F05FEE1586709B00380D63 /* CoreData.framework */ = {isa = PBXFileReference; lastKnownFileType = wrapper.framework; name = CoreData.framework; path = System/Library/Frameworks/CoreData.framework; sourceTree = SDKROOT; };
		07F05FF21586709B00380D63 /* Infernales-Info.plist */ = {isa = PBXFileReference; lastKnownFileType = text.plist.xml; path = "Infernales-Info.plist"; sourceTree = "<group>"; };
		07F05FF61586709B00380D63 /* main.m */ = {isa = PBXFileReference; lastKnownFileType = sourcecode.c.objc; path = main.m; sourceTree = "<group>"; };
		07F05FF81586709B00380D63 /* Infernales-Prefix.pch */ = {isa = PBXFileReference; lastKnownFileType = sourcecode.c.h; path = "Infernales-Prefix.pch"; sourceTree = "<group>"; };
		07F05FF91586709B00380D63 /* AppDelegate.h */ = {isa = PBXFileReference; lastKnownFileType = sourcecode.c.h; path = AppDelegate.h; sourceTree = "<group>"; };
		07F05FFA1586709B00380D63 /* AppDelegate.m */ = {isa = PBXFileReference; lastKnownFileType = sourcecode.c.objc; path = AppDelegate.m; sourceTree = "<group>"; };
		07F05FFD1586709B00380D63 /* Infernales.xcdatamodel */ = {isa = PBXFileReference; lastKnownFileType = wrapper.xcdatamodel; path = Infernales.xcdatamodel; sourceTree = "<group>"; };
		2EB58509DE0943D3A73B3B90 /* Pods.xcconfig */ = {isa = PBXFileReference; includeInIndex = 1; lastKnownFileType = text.xcconfig; name = Pods.xcconfig; path = Pods/Pods.xcconfig; sourceTree = "<group>"; };
		320AF8492C47A4D819F7C450 /* QuartzCore.framework */ = {isa = PBXFileReference; lastKnownFileType = wrapper.frameworks; name = QuartzCore.framework; path = System/Library/Frameworks/QuartzCore.framework; sourceTree = SDKROOT; };
		CB0AC9B2170234A1007C13B0 /* ShoutboxViewController.h */ = {isa = PBXFileReference; fileEncoding = 4; lastKnownFileType = sourcecode.c.h; path = ShoutboxViewController.h; sourceTree = "<group>"; };
		CB0AC9B3170234A1007C13B0 /* ShoutboxViewController.m */ = {isa = PBXFileReference; fileEncoding = 4; lastKnownFileType = sourcecode.c.objc; path = ShoutboxViewController.m; sourceTree = "<group>"; };
		CB0AC9B4170234A1007C13B0 /* ShoutboxViewController.xib */ = {isa = PBXFileReference; fileEncoding = 4; lastKnownFileType = file.xib; path = ShoutboxViewController.xib; sourceTree = "<group>"; };
		CB1FB42716FCFC31003636BA /* MessageInputBarBackground.png */ = {isa = PBXFileReference; lastKnownFileType = image.png; path = MessageInputBarBackground.png; sourceTree = "<group>"; };
		CB1FB42916FCFD78003636BA /* MessageInputBarBackground@2x.png */ = {isa = PBXFileReference; lastKnownFileType = image.png; path = "MessageInputBarBackground@2x.png"; sourceTree = "<group>"; };
		CB1FB42B16FCFD84003636BA /* MessageInputFieldBackground.png */ = {isa = PBXFileReference; lastKnownFileType = image.png; path = MessageInputFieldBackground.png; sourceTree = "<group>"; };
		CB1FB42C16FCFD84003636BA /* MessageInputFieldBackground@2x.png */ = {isa = PBXFileReference; lastKnownFileType = image.png; path = "MessageInputFieldBackground@2x.png"; sourceTree = "<group>"; };
		CB1FB42F16FCFD8C003636BA /* SendButton.png */ = {isa = PBXFileReference; lastKnownFileType = image.png; path = SendButton.png; sourceTree = "<group>"; };
		CB1FB43016FCFD8C003636BA /* SendButton@2x.png */ = {isa = PBXFileReference; lastKnownFileType = image.png; path = "SendButton@2x.png"; sourceTree = "<group>"; };
		CB1FB43316FCFD92003636BA /* SendButtonHighlighted.png */ = {isa = PBXFileReference; lastKnownFileType = image.png; path = SendButtonHighlighted.png; sourceTree = "<group>"; };
		CB1FB43416FCFD92003636BA /* SendButtonHighlighted@2x.png */ = {isa = PBXFileReference; lastKnownFileType = image.png; path = "SendButtonHighlighted@2x.png"; sourceTree = "<group>"; };
		CB21A91016F11F5F00BD3735 /* PostdetailViewController.h */ = {isa = PBXFileReference; fileEncoding = 4; lastKnownFileType = sourcecode.c.h; name = PostdetailViewController.h; path = ../PostdetailViewController.h; sourceTree = "<group>"; };
		CB21A91116F11F5F00BD3735 /* PostdetailViewController.m */ = {isa = PBXFileReference; fileEncoding = 4; lastKnownFileType = sourcecode.c.objc; name = PostdetailViewController.m; path = ../PostdetailViewController.m; sourceTree = "<group>"; };
		CB21A91216F11F5F00BD3735 /* PostdetailViewController.xib */ = {isa = PBXFileReference; fileEncoding = 4; lastKnownFileType = file.xib; name = PostdetailViewController.xib; path = ../PostdetailViewController.xib; sourceTree = "<group>"; };
		CB36CB761719656500AF44B4 /* MessageViewCell.h */ = {isa = PBXFileReference; fileEncoding = 4; lastKnownFileType = sourcecode.c.h; path = MessageViewCell.h; sourceTree = "<group>"; };
		CB36CB771719656500AF44B4 /* MessageViewCell.m */ = {isa = PBXFileReference; fileEncoding = 4; lastKnownFileType = sourcecode.c.objc; path = MessageViewCell.m; sourceTree = "<group>"; };
		CB36CB791719657C00AF44B4 /* MessageViewCell.xib */ = {isa = PBXFileReference; fileEncoding = 4; lastKnownFileType = file.xib; path = MessageViewCell.xib; sourceTree = "<group>"; };
		CB36CB80171968A600AF44B4 /* MessageDetailViewController.h */ = {isa = PBXFileReference; fileEncoding = 4; lastKnownFileType = sourcecode.c.h; path = MessageDetailViewController.h; sourceTree = "<group>"; };
		CB36CB81171968A600AF44B4 /* MessageDetailViewController.m */ = {isa = PBXFileReference; fileEncoding = 4; lastKnownFileType = sourcecode.c.objc; path = MessageDetailViewController.m; sourceTree = "<group>"; };
		CB36CB82171968A600AF44B4 /* MessageDetailViewController.xib */ = {isa = PBXFileReference; fileEncoding = 4; lastKnownFileType = file.xib; path = MessageDetailViewController.xib; sourceTree = "<group>"; };
		CB44E2DA16F904410050DA9C /* CFNetwork.framework */ = {isa = PBXFileReference; lastKnownFileType = wrapper.framework; name = CFNetwork.framework; path = System/Library/Frameworks/CFNetwork.framework; sourceTree = SDKROOT; };
		CB44E2DC16F9044C0050DA9C /* SystemConfiguration.framework */ = {isa = PBXFileReference; lastKnownFileType = wrapper.framework; name = SystemConfiguration.framework; path = System/Library/Frameworks/SystemConfiguration.framework; sourceTree = SDKROOT; };
		CB44E2DE16F904560050DA9C /* MobileCoreServices.framework */ = {isa = PBXFileReference; lastKnownFileType = wrapper.framework; name = MobileCoreServices.framework; path = System/Library/Frameworks/MobileCoreServices.framework; sourceTree = SDKROOT; };
		CB44E2E016F9046D0050DA9C /* libz.dylib */ = {isa = PBXFileReference; lastKnownFileType = "compiled.mach-o.dylib"; name = libz.dylib; path = usr/lib/libz.dylib; sourceTree = SDKROOT; };
		CB4B49F418C73A910014078E /* NSString+phpfusiontags.h */ = {isa = PBXFileReference; fileEncoding = 4; lastKnownFileType = sourcecode.c.h; path = "NSString+phpfusiontags.h"; sourceTree = "<group>"; };
		CB4B49F518C73A910014078E /* NSString+phpfusiontags.m */ = {isa = PBXFileReference; fileEncoding = 4; lastKnownFileType = sourcecode.c.objc; path = "NSString+phpfusiontags.m"; sourceTree = "<group>"; };
		CB801350173440FC00CBDEEE /* splash@2x.png */ = {isa = PBXFileReference; lastKnownFileType = image.png; path = "splash@2x.png"; sourceTree = "<group>"; };
		CB801352173440FF00CBDEEE /* splash.png */ = {isa = PBXFileReference; lastKnownFileType = image.png; path = splash.png; sourceTree = "<group>"; };
		CB87B5CC16ED0BFC0022355F /* infernales.png */ = {isa = PBXFileReference; lastKnownFileType = image.png; path = infernales.png; sourceTree = "<group>"; };
		CB87B5CE16ED0C0E0022355F /* infernales.png */ = {isa = PBXFileReference; lastKnownFileType = image.png; name = infernales.png; path = ../infernales.png; sourceTree = "<group>"; };
		CB893B6716E684F00028DBF0 /* foldernew.gif */ = {isa = PBXFileReference; lastKnownFileType = image.gif; path = foldernew.gif; sourceTree = "<group>"; };
		CB893B6C16E696A80028DBF0 /* PostViewController.h */ = {isa = PBXFileReference; fileEncoding = 4; lastKnownFileType = sourcecode.c.h; path = PostViewController.h; sourceTree = "<group>"; };
		CB893B6D16E696A80028DBF0 /* PostViewController.m */ = {isa = PBXFileReference; fileEncoding = 4; lastKnownFileType = sourcecode.c.objc; path = PostViewController.m; sourceTree = "<group>"; };
		CB893B6E16E696A80028DBF0 /* PostViewController.xib */ = {isa = PBXFileReference; fileEncoding = 4; lastKnownFileType = file.xib; path = PostViewController.xib; sourceTree = "<group>"; };
		CB91035C16FBA2DC00DA7E07 /* PostFormViewController.h */ = {isa = PBXFileReference; fileEncoding = 4; lastKnownFileType = sourcecode.c.h; path = PostFormViewController.h; sourceTree = "<group>"; };
		CB91035D16FBA2DC00DA7E07 /* PostFormViewController.m */ = {isa = PBXFileReference; fileEncoding = 4; lastKnownFileType = sourcecode.c.objc; path = PostFormViewController.m; sourceTree = "<group>"; };
		CB9D836016E375FC0047B1F2 /* NSString+HtmlEntities.h */ = {isa = PBXFileReference; fileEncoding = 4; lastKnownFileType = sourcecode.c.h; name = "NSString+HtmlEntities.h"; path = "../NSString+HtmlEntities.h"; sourceTree = "<group>"; };
		CB9D836116E375FC0047B1F2 /* NSString+HtmlEntities.m */ = {isa = PBXFileReference; fileEncoding = 4; lastKnownFileType = sourcecode.c.objc; name = "NSString+HtmlEntities.m"; path = "../NSString+HtmlEntities.m"; sourceTree = "<group>"; };
		CB9D836316E38E7D0047B1F2 /* ThreadViewCell.h */ = {isa = PBXFileReference; fileEncoding = 4; lastKnownFileType = sourcecode.c.h; path = ThreadViewCell.h; sourceTree = "<group>"; };
		CB9D836416E38E7D0047B1F2 /* ThreadViewCell.m */ = {isa = PBXFileReference; fileEncoding = 4; lastKnownFileType = sourcecode.c.objc; path = ThreadViewCell.m; sourceTree = "<group>"; };
		CB9D836616E390090047B1F2 /* ThreadViewCell.xib */ = {isa = PBXFileReference; fileEncoding = 4; lastKnownFileType = file.xib; path = ThreadViewCell.xib; sourceTree = "<group>"; };
		CBAB310B172DA56A00E79810 /* MessageNewViewController.h */ = {isa = PBXFileReference; fileEncoding = 4; lastKnownFileType = sourcecode.c.h; path = MessageNewViewController.h; sourceTree = "<group>"; };
		CBAB310C172DA56A00E79810 /* MessageNewViewController.m */ = {isa = PBXFileReference; fileEncoding = 4; lastKnownFileType = sourcecode.c.objc; path = MessageNewViewController.m; sourceTree = "<group>"; };
		CBAD490D173D872600EC8365 /* MessageFormViewController.h */ = {isa = PBXFileReference; fileEncoding = 4; lastKnownFileType = sourcecode.c.h; path = MessageFormViewController.h; sourceTree = "<group>"; };
		CBAD490E173D872600EC8365 /* MessageFormViewController.m */ = {isa = PBXFileReference; fileEncoding = 4; lastKnownFileType = sourcecode.c.objc; path = MessageFormViewController.m; sourceTree = "<group>"; };
		CBAFD2D416EA7D21002D4BE8 /* PostViewCell.h */ = {isa = PBXFileReference; fileEncoding = 4; lastKnownFileType = sourcecode.c.h; path = PostViewCell.h; sourceTree = "<group>"; };
		CBAFD2D516EA7D21002D4BE8 /* PostViewCell.m */ = {isa = PBXFileReference; fileEncoding = 4; lastKnownFileType = sourcecode.c.objc; path = PostViewCell.m; sourceTree = "<group>"; };
		CBAFD2D716EA7D36002D4BE8 /* PostViewCell.xib */ = {isa = PBXFileReference; fileEncoding = 4; lastKnownFileType = file.xib; path = PostViewCell.xib; sourceTree = "<group>"; };
		CBB2D96018D82D7600761396 /* splash-568h@2x.png */ = {isa = PBXFileReference; lastKnownFileType = image.png; path = "splash-568h@2x.png"; sourceTree = "<group>"; };
		CBCFB1B816E3E2C500972EEB /* pin.png */ = {isa = PBXFileReference; lastKnownFileType = image.png; path = pin.png; sourceTree = "<group>"; };
		CBD0273917085E7000EC67D3 /* ThreadFormViewController.h */ = {isa = PBXFileReference; fileEncoding = 4; lastKnownFileType = sourcecode.c.h; path = ThreadFormViewController.h; sourceTree = "<group>"; };
		CBD0273A17085E7000EC67D3 /* ThreadFormViewController.m */ = {isa = PBXFileReference; fileEncoding = 4; lastKnownFileType = sourcecode.c.objc; path = ThreadFormViewController.m; sourceTree = "<group>"; };
		CBD0273B17085E7000EC67D3 /* ThreadFormViewController.xib */ = {isa = PBXFileReference; fileEncoding = 4; lastKnownFileType = file.xib; path = ThreadFormViewController.xib; sourceTree = "<group>"; };
		CBD0273E1708A95A00EC67D3 /* ShoutboxDetailViewController.h */ = {isa = PBXFileReference; fileEncoding = 4; lastKnownFileType = sourcecode.c.h; path = ShoutboxDetailViewController.h; sourceTree = "<group>"; };
		CBD0273F1708A95A00EC67D3 /* ShoutboxDetailViewController.m */ = {isa = PBXFileReference; fileEncoding = 4; lastKnownFileType = sourcecode.c.objc; path = ShoutboxDetailViewController.m; sourceTree = "<group>"; };
		CBD027401708A95A00EC67D3 /* ShoutboxDetailViewController.xib */ = {isa = PBXFileReference; fileEncoding = 4; lastKnownFileType = file.xib; path = ShoutboxDetailViewController.xib; sourceTree = "<group>"; };
		CBD027431708B05A00EC67D3 /* ShoutboxFormViewController.h */ = {isa = PBXFileReference; fileEncoding = 4; lastKnownFileType = sourcecode.c.h; path = ShoutboxFormViewController.h; sourceTree = "<group>"; };
		CBD027441708B05A00EC67D3 /* ShoutboxFormViewController.m */ = {isa = PBXFileReference; fileEncoding = 4; lastKnownFileType = sourcecode.c.objc; path = ShoutboxFormViewController.m; sourceTree = "<group>"; };
		CBD027451708B05A00EC67D3 /* ShoutboxFormViewController.xib */ = {isa = PBXFileReference; fileEncoding = 4; lastKnownFileType = file.xib; path = ShoutboxFormViewController.xib; sourceTree = "<group>"; };
		CBE9BEF616E546AE0050EE0F /* ForumViewCell.h */ = {isa = PBXFileReference; fileEncoding = 4; lastKnownFileType = sourcecode.c.h; path = ForumViewCell.h; sourceTree = "<group>"; };
		CBE9BEF716E546AE0050EE0F /* ForumViewCell.m */ = {isa = PBXFileReference; fileEncoding = 4; lastKnownFileType = sourcecode.c.objc; path = ForumViewCell.m; sourceTree = "<group>"; };
		CBE9BEF916E5470F0050EE0F /* ForumViewCell.xib */ = {isa = PBXFileReference; fileEncoding = 4; lastKnownFileType = file.xib; path = ForumViewCell.xib; sourceTree = "<group>"; };
		CBF161F115B350990030D2C2 /* ThreadViewController.h */ = {isa = PBXFileReference; fileEncoding = 4; lastKnownFileType = sourcecode.c.h; path = ThreadViewController.h; sourceTree = "<group>"; };
		CBF161F215B350990030D2C2 /* ThreadViewController.m */ = {isa = PBXFileReference; fileEncoding = 4; lastKnownFileType = sourcecode.c.objc; path = ThreadViewController.m; sourceTree = "<group>"; };
		CBF161F315B350990030D2C2 /* ThreadViewController.xib */ = {isa = PBXFileReference; fileEncoding = 4; lastKnownFileType = file.xib; path = ThreadViewController.xib; sourceTree = "<group>"; };
		CBF60D3717078895004A67C8 /* ShoutboxViewCell.h */ = {isa = PBXFileReference; fileEncoding = 4; lastKnownFileType = sourcecode.c.h; path = ShoutboxViewCell.h; sourceTree = "<group>"; };
		CBF60D3817078895004A67C8 /* ShoutboxViewCell.m */ = {isa = PBXFileReference; fileEncoding = 4; lastKnownFileType = sourcecode.c.objc; path = ShoutboxViewCell.m; sourceTree = "<group>"; };
		CBF60D3A170788AC004A67C8 /* ShoutboxViewCell.xib */ = {isa = PBXFileReference; fileEncoding = 4; lastKnownFileType = file.xib; path = ShoutboxViewCell.xib; sourceTree = "<group>"; };
		CBF7C2C01718B06300F1761B /* MessagesViewController.h */ = {isa = PBXFileReference; fileEncoding = 4; lastKnownFileType = sourcecode.c.h; path = MessagesViewController.h; sourceTree = "<group>"; };
		CBF7C2C11718B06300F1761B /* MessagesViewController.m */ = {isa = PBXFileReference; fileEncoding = 4; lastKnownFileType = sourcecode.c.objc; path = MessagesViewController.m; sourceTree = "<group>"; };
		CBF7C2C21718B06300F1761B /* MessagesViewController.xib */ = {isa = PBXFileReference; fileEncoding = 4; lastKnownFileType = file.xib; path = MessagesViewController.xib; sourceTree = "<group>"; };
		FC6DF6937B8E46A286E6D1B3 /* libPods.a */ = {isa = PBXFileReference; explicitFileType = archive.ar; includeInIndex = 0; path = libPods.a; sourceTree = BUILT_PRODUCTS_DIR; };
/* End PBXFileReference section */

/* Begin PBXFrameworksBuildPhase section */
		07F05FE11586709B00380D63 /* Frameworks */ = {
			isa = PBXFrameworksBuildPhase;
			buildActionMask = 2147483647;
			files = (
				CB44E2E116F9046D0050DA9C /* libz.dylib in Frameworks */,
				07F05FE91586709B00380D63 /* UIKit.framework in Frameworks */,
				07F05FEB1586709B00380D63 /* Foundation.framework in Frameworks */,
				07F05FEF1586709B00380D63 /* CoreData.framework in Frameworks */,
				47E3FA0189C648639A07CF03 /* libPods.a in Frameworks */,
			);
			runOnlyForDeploymentPostprocessing = 0;
		};
/* End PBXFrameworksBuildPhase section */

/* Begin PBXGroup section */
		07F05FD91586709B00380D63 = {
			isa = PBXGroup;
			children = (
				CBB2D96018D82D7600761396 /* splash-568h@2x.png */,
				07F05FF01586709B00380D63 /* Infernales */,
				07F05FE71586709B00380D63 /* Frameworks */,
				07F05FE51586709B00380D63 /* Products */,
				2EB58509DE0943D3A73B3B90 /* Pods.xcconfig */,
			);
			sourceTree = "<group>";
		};
		07F05FE51586709B00380D63 /* Products */ = {
			isa = PBXGroup;
			children = (
				07F05FE41586709B00380D63 /* Infernales.app */,
			);
			name = Products;
			sourceTree = "<group>";
		};
		07F05FE71586709B00380D63 /* Frameworks */ = {
			isa = PBXGroup;
			children = (
				CB44E2E016F9046D0050DA9C /* libz.dylib */,
				CB44E2DE16F904560050DA9C /* MobileCoreServices.framework */,
				CB44E2DC16F9044C0050DA9C /* SystemConfiguration.framework */,
				CB44E2DA16F904410050DA9C /* CFNetwork.framework */,
				320AF8492C47A4D819F7C450 /* QuartzCore.framework */,
				07F05FE81586709B00380D63 /* UIKit.framework */,
				07F05FEA1586709B00380D63 /* Foundation.framework */,
				07F05FEC1586709B00380D63 /* CoreGraphics.framework */,
				07F05FEE1586709B00380D63 /* CoreData.framework */,
				FC6DF6937B8E46A286E6D1B3 /* libPods.a */,
			);
			name = Frameworks;
			sourceTree = "<group>";
		};
		07F05FF01586709B00380D63 /* Infernales */ = {
			isa = PBXGroup;
			children = (
				CB36CB7F1719683600AF44B4 /* Cells */,
				CB36CB7D1719682800AF44B4 /* Controller */,
				CB87B5CE16ED0C0E0022355F /* infernales.png */,
				07F05FF91586709B00380D63 /* AppDelegate.h */,
				07F05FFA1586709B00380D63 /* AppDelegate.m */,
				07F05FFC1586709B00380D63 /* Infernales.xcdatamodeld */,
				07F05FF11586709B00380D63 /* Supporting Files */,
			);
			path = Infernales;
			sourceTree = "<group>";
		};
		07F05FF11586709B00380D63 /* Supporting Files */ = {
			isa = PBXGroup;
			children = (
				CB1FB43316FCFD92003636BA /* SendButtonHighlighted.png */,
				CB1FB43416FCFD92003636BA /* SendButtonHighlighted@2x.png */,
				CB1FB42F16FCFD8C003636BA /* SendButton.png */,
				CB801350173440FC00CBDEEE /* splash@2x.png */,
				CB801352173440FF00CBDEEE /* splash.png */,
				CB1FB43016FCFD8C003636BA /* SendButton@2x.png */,
				CB1FB42B16FCFD84003636BA /* MessageInputFieldBackground.png */,
				CB1FB42C16FCFD84003636BA /* MessageInputFieldBackground@2x.png */,
				CB1FB42716FCFC31003636BA /* MessageInputBarBackground.png */,
				CB1FB42916FCFD78003636BA /* MessageInputBarBackground@2x.png */,
				CB91036316FBA34100DA7E07 /* libs */,
				CB91036216FBA32E00DA7E07 /* views */,
				CB91036116FBA31D00DA7E07 /* images */,
				07F05FF81586709B00380D63 /* Infernales-Prefix.pch */,
				07F05FF21586709B00380D63 /* Infernales-Info.plist */,
				07F05FF61586709B00380D63 /* main.m */,
			);
			name = "Supporting Files";
			sourceTree = "<group>";
		};
		CB36CB7D1719682800AF44B4 /* Controller */ = {
			isa = PBXGroup;
			children = (
				07EEC8511587BDAC006A7F37 /* ChoiceViewController.h */,
				07EEC8521587BDAC006A7F37 /* ChoiceViewController.m */,
				07E7579D15965856000EA122 /* ForumViewController.h */,
				07E7579E15965856000EA122 /* ForumViewController.m */,
				CB36CB80171968A600AF44B4 /* MessageDetailViewController.h */,
				CB36CB81171968A600AF44B4 /* MessageDetailViewController.m */,
				CBAD490D173D872600EC8365 /* MessageFormViewController.h */,
				CBAD490E173D872600EC8365 /* MessageFormViewController.m */,
				CBAB310B172DA56A00E79810 /* MessageNewViewController.h */,
				CBAB310C172DA56A00E79810 /* MessageNewViewController.m */,
				CBF7C2C01718B06300F1761B /* MessagesViewController.h */,
				CBF7C2C11718B06300F1761B /* MessagesViewController.m */,
				CB21A91016F11F5F00BD3735 /* PostdetailViewController.h */,
				CB21A91116F11F5F00BD3735 /* PostdetailViewController.m */,
				CB91035C16FBA2DC00DA7E07 /* PostFormViewController.h */,
				CB91035D16FBA2DC00DA7E07 /* PostFormViewController.m */,
				CB893B6C16E696A80028DBF0 /* PostViewController.h */,
				CB893B6D16E696A80028DBF0 /* PostViewController.m */,
				07EEC85A1587CCC2006A7F37 /* SettingsViewController.h */,
				07EEC85B1587CCC2006A7F37 /* SettingsViewController.m */,
				CBD0273E1708A95A00EC67D3 /* ShoutboxDetailViewController.h */,
				CBD0273F1708A95A00EC67D3 /* ShoutboxDetailViewController.m */,
				CBD027431708B05A00EC67D3 /* ShoutboxFormViewController.h */,
				CBD027441708B05A00EC67D3 /* ShoutboxFormViewController.m */,
				CB0AC9B2170234A1007C13B0 /* ShoutboxViewController.h */,
				CB0AC9B3170234A1007C13B0 /* ShoutboxViewController.m */,
				CBD0273917085E7000EC67D3 /* ThreadFormViewController.h */,
				CBD0273A17085E7000EC67D3 /* ThreadFormViewController.m */,
				CBF161F115B350990030D2C2 /* ThreadViewController.h */,
				CBF161F215B350990030D2C2 /* ThreadViewController.m */,
			);
			name = Controller;
			sourceTree = "<group>";
		};
		CB36CB7F1719683600AF44B4 /* Cells */ = {
			isa = PBXGroup;
			children = (
				CBF60D3717078895004A67C8 /* ShoutboxViewCell.h */,
				CBF60D3817078895004A67C8 /* ShoutboxViewCell.m */,
				CB36CB761719656500AF44B4 /* MessageViewCell.h */,
				CB36CB771719656500AF44B4 /* MessageViewCell.m */,
				CBAFD2D416EA7D21002D4BE8 /* PostViewCell.h */,
				CBAFD2D516EA7D21002D4BE8 /* PostViewCell.m */,
				CBE9BEF616E546AE0050EE0F /* ForumViewCell.h */,
				CBE9BEF716E546AE0050EE0F /* ForumViewCell.m */,
				CB9D836316E38E7D0047B1F2 /* ThreadViewCell.h */,
				CB9D836416E38E7D0047B1F2 /* ThreadViewCell.m */,
			);
			name = Cells;
			sourceTree = "<group>";
		};
		CB91036116FBA31D00DA7E07 /* images */ = {
			isa = PBXGroup;
			children = (
				CB87B5CC16ED0BFC0022355F /* infernales.png */,
				CB893B6716E684F00028DBF0 /* foldernew.gif */,
				CBCFB1B816E3E2C500972EEB /* pin.png */,
			);
			name = images;
			sourceTree = "<group>";
		};
		CB91036216FBA32E00DA7E07 /* views */ = {
			isa = PBXGroup;
			children = (
				CBE9BEF916E5470F0050EE0F /* ForumViewCell.xib */,
				07E7579F15965856000EA122 /* ForumViewController.xib */,
				CB36CB82171968A600AF44B4 /* MessageDetailViewController.xib */,
				CBF7C2C21718B06300F1761B /* MessagesViewController.xib */,
				CB36CB791719657C00AF44B4 /* MessageViewCell.xib */,
				CB21A91216F11F5F00BD3735 /* PostdetailViewController.xib */,
				CBAFD2D716EA7D36002D4BE8 /* PostViewCell.xib */,
				CB893B6E16E696A80028DBF0 /* PostViewController.xib */,
				CBD027401708A95A00EC67D3 /* ShoutboxDetailViewController.xib */,
				CBD027451708B05A00EC67D3 /* ShoutboxFormViewController.xib */,
				CBF60D3A170788AC004A67C8 /* ShoutboxViewCell.xib */,
				CB0AC9B4170234A1007C13B0 /* ShoutboxViewController.xib */,
				CBD0273B17085E7000EC67D3 /* ThreadFormViewController.xib */,
				CB9D836616E390090047B1F2 /* ThreadViewCell.xib */,
				CBF161F315B350990030D2C2 /* ThreadViewController.xib */,
			);
			name = views;
			sourceTree = "<group>";
		};
		CB91036316FBA34100DA7E07 /* libs */ = {
			isa = PBXGroup;
			children = (
				CB9D836016E375FC0047B1F2 /* NSString+HtmlEntities.h */,
				CB9D836116E375FC0047B1F2 /* NSString+HtmlEntities.m */,
				CB4B49F418C73A910014078E /* NSString+phpfusiontags.h */,
				CB4B49F518C73A910014078E /* NSString+phpfusiontags.m */,
			);
			name = libs;
			sourceTree = "<group>";
		};
/* End PBXGroup section */

/* Begin PBXNativeTarget section */
		07F05FE31586709B00380D63 /* Infernales */ = {
			isa = PBXNativeTarget;
			buildConfigurationList = 07F060011586709B00380D63 /* Build configuration list for PBXNativeTarget "Infernales" */;
			buildPhases = (
				570B1F282E4942278A5B3D9E /* Check Pods Manifest.lock */,
				07F05FE01586709B00380D63 /* Sources */,
				07F05FE11586709B00380D63 /* Frameworks */,
				07F05FE21586709B00380D63 /* Resources */,
				37A1BF0EB13A4D42987BFC92 /* Copy Pods Resources */,
			);
			buildRules = (
			);
			dependencies = (
			);
			name = Infernales;
			productName = Infernales;
			productReference = 07F05FE41586709B00380D63 /* Infernales.app */;
			productType = "com.apple.product-type.application";
		};
/* End PBXNativeTarget section */

/* Begin PBXProject section */
		07F05FDB1586709B00380D63 /* Project object */ = {
			isa = PBXProject;
			attributes = {
				LastUpgradeCheck = 0430;
				TargetAttributes = {
					07F05FE31586709B00380D63 = {
						DevelopmentTeam = C5FBLVY4J4;
					};
				};
			};
			buildConfigurationList = 07F05FDE1586709B00380D63 /* Build configuration list for PBXProject "Infernales" */;
			compatibilityVersion = "Xcode 3.2";
			developmentRegion = English;
			hasScannedForEncodings = 0;
			knownRegions = (
				en,
				de,
			);
			mainGroup = 07F05FD91586709B00380D63;
			productRefGroup = 07F05FE51586709B00380D63 /* Products */;
			projectDirPath = "";
			projectRoot = "";
			targets = (
				07F05FE31586709B00380D63 /* Infernales */,
			);
		};
/* End PBXProject section */

/* Begin PBXResourcesBuildPhase section */
		07F05FE21586709B00380D63 /* Resources */ = {
			isa = PBXResourcesBuildPhase;
			buildActionMask = 2147483647;
			files = (
				07E757A115965857000EA122 /* ForumViewController.xib in Resources */,
				CBF161F515B350990030D2C2 /* ThreadViewController.xib in Resources */,
				CB9D836716E390090047B1F2 /* ThreadViewCell.xib in Resources */,
				CBCFB1B916E3E2C500972EEB /* pin.png in Resources */,
				CBE9BEFA16E5470F0050EE0F /* ForumViewCell.xib in Resources */,
				CB893B6816E684F00028DBF0 /* foldernew.gif in Resources */,
				CB893B7016E696A80028DBF0 /* PostViewController.xib in Resources */,
				CBAFD2D816EA7D36002D4BE8 /* PostViewCell.xib in Resources */,
				CB87B5CD16ED0BFC0022355F /* infernales.png in Resources */,
				CB21A91416F11F5F00BD3735 /* PostdetailViewController.xib in Resources */,
				CB1FB42816FCFC31003636BA /* MessageInputBarBackground.png in Resources */,
				CB1FB42A16FCFD78003636BA /* MessageInputBarBackground@2x.png in Resources */,
				CB1FB42D16FCFD84003636BA /* MessageInputFieldBackground.png in Resources */,
				CB1FB42E16FCFD84003636BA /* MessageInputFieldBackground@2x.png in Resources */,
				CB1FB43116FCFD8C003636BA /* SendButton.png in Resources */,
				CB1FB43216FCFD8C003636BA /* SendButton@2x.png in Resources */,
				CB1FB43516FCFD92003636BA /* SendButtonHighlighted.png in Resources */,
				CBB2D96118D82D7600761396 /* splash-568h@2x.png in Resources */,
				CB1FB43616FCFD92003636BA /* SendButtonHighlighted@2x.png in Resources */,
				CB0AC9B6170234A1007C13B0 /* ShoutboxViewController.xib in Resources */,
				CBF60D3B170788AC004A67C8 /* ShoutboxViewCell.xib in Resources */,
				CBD0273D17085E7000EC67D3 /* ThreadFormViewController.xib in Resources */,
				CBD027421708A95A00EC67D3 /* ShoutboxDetailViewController.xib in Resources */,
				CBD027471708B05B00EC67D3 /* ShoutboxFormViewController.xib in Resources */,
				CBF7C2C41718B06300F1761B /* MessagesViewController.xib in Resources */,
				CB36CB7A1719657C00AF44B4 /* MessageViewCell.xib in Resources */,
				CB36CB84171968A600AF44B4 /* MessageDetailViewController.xib in Resources */,
				CB801351173440FC00CBDEEE /* splash@2x.png in Resources */,
				CB801353173440FF00CBDEEE /* splash.png in Resources */,
			);
			runOnlyForDeploymentPostprocessing = 0;
		};
/* End PBXResourcesBuildPhase section */

/* Begin PBXShellScriptBuildPhase section */
		37A1BF0EB13A4D42987BFC92 /* Copy Pods Resources */ = {
			isa = PBXShellScriptBuildPhase;
			buildActionMask = 2147483647;
			files = (
			);
			inputPaths = (
			);
			name = "Copy Pods Resources";
			outputPaths = (
			);
			runOnlyForDeploymentPostprocessing = 0;
			shellPath = /bin/sh;
			shellScript = "\"${SRCROOT}/Pods/Pods-resources.sh\"\n";
			showEnvVarsInLog = 0;
		};
		570B1F282E4942278A5B3D9E /* Check Pods Manifest.lock */ = {
			isa = PBXShellScriptBuildPhase;
			buildActionMask = 2147483647;
			files = (
			);
			inputPaths = (
			);
			name = "Check Pods Manifest.lock";
			outputPaths = (
			);
			runOnlyForDeploymentPostprocessing = 0;
			shellPath = /bin/sh;
			shellScript = "diff \"${PODS_ROOT}/../Podfile.lock\" \"${PODS_ROOT}/Manifest.lock\" > /dev/null\nif [[ $? != 0 ]] ; then\n    cat << EOM\nerror: The sandbox is not in sync with the Podfile.lock. Run 'pod install' or update your CocoaPods installation.\nEOM\n    exit 1\nfi\n";
			showEnvVarsInLog = 0;
		};
/* End PBXShellScriptBuildPhase section */

/* Begin PBXSourcesBuildPhase section */
		07F05FE01586709B00380D63 /* Sources */ = {
			isa = PBXSourcesBuildPhase;
			buildActionMask = 2147483647;
			files = (
				07F05FF71586709B00380D63 /* main.m in Sources */,
				07F05FFB1586709B00380D63 /* AppDelegate.m in Sources */,
				07F05FFE1586709B00380D63 /* Infernales.xcdatamodeld in Sources */,
				07EEC8541587BDAC006A7F37 /* ChoiceViewController.m in Sources */,
				07EEC85D1587CCC2006A7F37 /* SettingsViewController.m in Sources */,
				07E757A015965857000EA122 /* ForumViewController.m in Sources */,
				CBF161F415B350990030D2C2 /* ThreadViewController.m in Sources */,
				CB9D836216E375FC0047B1F2 /* NSString+HtmlEntities.m in Sources */,
				CB9D836516E38E7D0047B1F2 /* ThreadViewCell.m in Sources */,
				CBE9BEF816E546AE0050EE0F /* ForumViewCell.m in Sources */,
				CB893B6F16E696A80028DBF0 /* PostViewController.m in Sources */,
				CBAFD2D616EA7D21002D4BE8 /* PostViewCell.m in Sources */,
				CB4B49F618C73A910014078E /* NSString+phpfusiontags.m in Sources */,
				CB21A91316F11F5F00BD3735 /* PostdetailViewController.m in Sources */,
				CB91035F16FBA2DC00DA7E07 /* PostFormViewController.m in Sources */,
				CB0AC9B5170234A1007C13B0 /* ShoutboxViewController.m in Sources */,
				CBF60D3917078895004A67C8 /* ShoutboxViewCell.m in Sources */,
				CBD0273C17085E7000EC67D3 /* ThreadFormViewController.m in Sources */,
				CBD027411708A95A00EC67D3 /* ShoutboxDetailViewController.m in Sources */,
				CBD027461708B05B00EC67D3 /* ShoutboxFormViewController.m in Sources */,
				CBF7C2C31718B06300F1761B /* MessagesViewController.m in Sources */,
				CB36CB781719656500AF44B4 /* MessageViewCell.m in Sources */,
				CB36CB83171968A600AF44B4 /* MessageDetailViewController.m in Sources */,
				CBAB310E172DA56A00E79810 /* MessageNewViewController.m in Sources */,
				CBAD4910173D872600EC8365 /* MessageFormViewController.m in Sources */,
			);
			runOnlyForDeploymentPostprocessing = 0;
		};
/* End PBXSourcesBuildPhase section */

/* Begin XCBuildConfiguration section */
		07F05FFF1586709B00380D63 /* Debug */ = {
			isa = XCBuildConfiguration;
			buildSettings = {
				ALWAYS_SEARCH_USER_PATHS = NO;
				ARCHS = "$(ARCHS_STANDARD_32_BIT)";
				CLANG_WARN_CONSTANT_CONVERSION = YES;
				CLANG_WARN_ENUM_CONVERSION = YES;
				CLANG_WARN_INT_CONVERSION = YES;
				CLANG_WARN__DUPLICATE_METHOD_MATCH = YES;
				"CODE_SIGN_IDENTITY[sdk=iphoneos*]" = "iPhone Developer";
				COPY_PHASE_STRIP = NO;
				GCC_C_LANGUAGE_STANDARD = gnu99;
				GCC_DYNAMIC_NO_PIC = NO;
				GCC_OPTIMIZATION_LEVEL = 0;
				GCC_PREPROCESSOR_DEFINITIONS = (
					"DEBUG=1",
					"$(inherited)",
				);
				GCC_SYMBOLS_PRIVATE_EXTERN = NO;
				GCC_VERSION = com.apple.compilers.llvm.clang.1_0;
				GCC_WARN_ABOUT_RETURN_TYPE = YES;
				GCC_WARN_UNINITIALIZED_AUTOS = YES;
				GCC_WARN_UNUSED_VARIABLE = YES;
				HEADER_SEARCH_PATHS = (
					"$(BUILT_PRODUCTS_DIR)/../three20",
					"$(BUILT_PRODUCTS_DIR)/../../three20",
					../three20/Build/Products/three20,
				);
				IPHONEOS_DEPLOYMENT_TARGET = 5.1;
				ONLY_ACTIVE_ARCH = YES;
				OTHER_LDFLAGS = "-ObjC";
				SDKROOT = iphoneos;
			};
			name = Debug;
		};
		07F060001586709B00380D63 /* Release */ = {
			isa = XCBuildConfiguration;
			buildSettings = {
				ALWAYS_SEARCH_USER_PATHS = NO;
				ARCHS = "$(ARCHS_STANDARD_32_BIT)";
				CLANG_WARN_CONSTANT_CONVERSION = YES;
				CLANG_WARN_ENUM_CONVERSION = YES;
				CLANG_WARN_INT_CONVERSION = YES;
				CLANG_WARN__DUPLICATE_METHOD_MATCH = YES;
				"CODE_SIGN_IDENTITY[sdk=iphoneos*]" = "iPhone Developer";
				COPY_PHASE_STRIP = YES;
				GCC_C_LANGUAGE_STANDARD = gnu99;
				GCC_VERSION = com.apple.compilers.llvm.clang.1_0;
				GCC_WARN_ABOUT_RETURN_TYPE = YES;
				GCC_WARN_UNINITIALIZED_AUTOS = YES;
				GCC_WARN_UNUSED_VARIABLE = YES;
				HEADER_SEARCH_PATHS = (
					"$(BUILT_PRODUCTS_DIR)/../three20",
					"$(BUILT_PRODUCTS_DIR)/../../three20",
					../three20/Build/Products/three20,
				);
				IPHONEOS_DEPLOYMENT_TARGET = 5.1;
				ONLY_ACTIVE_ARCH = YES;
				OTHER_CFLAGS = "-DNS_BLOCK_ASSERTIONS=1";
				OTHER_LDFLAGS = "-ObjC";
				SDKROOT = iphoneos;
				VALIDATE_PRODUCT = YES;
			};
			name = Release;
		};
		07F060021586709B00380D63 /* Debug */ = {
			isa = XCBuildConfiguration;
			baseConfigurationReference = 2EB58509DE0943D3A73B3B90 /* Pods.xcconfig */;
			buildSettings = {
				CODE_SIGN_IDENTITY = "iPhone Developer";
				"CODE_SIGN_IDENTITY[sdk=iphoneos*]" = "iPhone Developer";
				GCC_PRECOMPILE_PREFIX_HEADER = YES;
				GCC_PREFIX_HEADER = "Infernales/Infernales-Prefix.pch";
				INFOPLIST_FILE = "Infernales/Infernales-Info.plist";
				IPHONEOS_DEPLOYMENT_TARGET = 6.0;
				PRODUCT_NAME = "$(TARGET_NAME)";
				PROVISIONING_PROFILE = "";
				SDKROOT = iphoneos;
				TARGETED_DEVICE_FAMILY = 1;
				VALIDATE_PRODUCT = YES;
				WRAPPER_EXTENSION = app;
			};
			name = Debug;
		};
		07F060031586709B00380D63 /* Release */ = {
			isa = XCBuildConfiguration;
			baseConfigurationReference = 2EB58509DE0943D3A73B3B90 /* Pods.xcconfig */;
			buildSettings = {
				CODE_SIGN_IDENTITY = "iPhone Developer";
				"CODE_SIGN_IDENTITY[sdk=iphoneos*]" = "iPhone Developer";
				GCC_PRECOMPILE_PREFIX_HEADER = YES;
				GCC_PREFIX_HEADER = "Infernales/Infernales-Prefix.pch";
				INFOPLIST_FILE = "Infernales/Infernales-Info.plist";
				IPHONEOS_DEPLOYMENT_TARGET = 6.0;
				PRODUCT_NAME = "$(TARGET_NAME)";
				PROVISIONING_PROFILE = "";
				SDKROOT = iphoneos;
				TARGETED_DEVICE_FAMILY = 1;
				VALIDATE_PRODUCT = YES;
				WRAPPER_EXTENSION = app;
			};
			name = Release;
		};
/* End XCBuildConfiguration section */

/* Begin XCConfigurationList section */
		07F05FDE1586709B00380D63 /* Build configuration list for PBXProject "Infernales" */ = {
			isa = XCConfigurationList;
			buildConfigurations = (
				07F05FFF1586709B00380D63 /* Debug */,
				07F060001586709B00380D63 /* Release */,
			);
			defaultConfigurationIsVisible = 0;
			defaultConfigurationName = Release;
		};
		07F060011586709B00380D63 /* Build configuration list for PBXNativeTarget "Infernales" */ = {
			isa = XCConfigurationList;
			buildConfigurations = (
				07F060021586709B00380D63 /* Debug */,
				07F060031586709B00380D63 /* Release */,
			);
			defaultConfigurationIsVisible = 0;
			defaultConfigurationName = Release;
		};
/* End XCConfigurationList section */

/* Begin XCVersionGroup section */
		07F05FFC1586709B00380D63 /* Infernales.xcdatamodeld */ = {
			isa = XCVersionGroup;
			children = (
				07F05FFD1586709B00380D63 /* Infernales.xcdatamodel */,
			);
			currentVersion = 07F05FFD1586709B00380D63 /* Infernales.xcdatamodel */;
			path = Infernales.xcdatamodeld;
			sourceTree = "<group>";
			versionGroupType = wrapper.xcdatamodel;
		};
/* End XCVersionGroup section */
	};
	rootObject = 07F05FDB1586709B00380D63 /* Project object */;
}
