// !$*UTF8*$!
{
	archiveVersion = 1;
	classes = {
	};
	objectVersion = 46;
	objects = {

/* Begin PBXBuildFile section */
		0777939F1597A1B100E37317 /* NSString+MD5.m in Sources */ = {isa = PBXBuildFile; fileRef = 0777939E1597A1B100E37317 /* NSString+MD5.m */; };
		07E75796159657ED000EA122 /* NSObject+SBJSON.m in Sources */ = {isa = PBXBuildFile; fileRef = 07E7578B159657ED000EA122 /* NSObject+SBJSON.m */; };
		07E75797159657ED000EA122 /* NSString+SBJSON.m in Sources */ = {isa = PBXBuildFile; fileRef = 07E7578D159657ED000EA122 /* NSString+SBJSON.m */; };
		07E75798159657ED000EA122 /* SBJSON.m in Sources */ = {isa = PBXBuildFile; fileRef = 07E7578F159657ED000EA122 /* SBJSON.m */; };
		07E75799159657ED000EA122 /* SBJsonBase.m in Sources */ = {isa = PBXBuildFile; fileRef = 07E75791159657ED000EA122 /* SBJsonBase.m */; };
		07E7579A159657ED000EA122 /* SBJsonParser.m in Sources */ = {isa = PBXBuildFile; fileRef = 07E75793159657ED000EA122 /* SBJsonParser.m */; };
		07E7579B159657ED000EA122 /* SBJsonWriter.m in Sources */ = {isa = PBXBuildFile; fileRef = 07E75795159657ED000EA122 /* SBJsonWriter.m */; };
		07E757A015965857000EA122 /* ForumViewController.m in Sources */ = {isa = PBXBuildFile; fileRef = 07E7579E15965856000EA122 /* ForumViewController.m */; };
		07E757A115965857000EA122 /* ForumViewController.xib in Resources */ = {isa = PBXBuildFile; fileRef = 07E7579F15965856000EA122 /* ForumViewController.xib */; };
		07E757A515965A35000EA122 /* NewsViewController.m in Sources */ = {isa = PBXBuildFile; fileRef = 07E757A315965A35000EA122 /* NewsViewController.m */; };
		07E757A615965A35000EA122 /* NewsViewController.xib in Resources */ = {isa = PBXBuildFile; fileRef = 07E757A415965A35000EA122 /* NewsViewController.xib */; };
		07EEC8541587BDAC006A7F37 /* ChoiceViewController.m in Sources */ = {isa = PBXBuildFile; fileRef = 07EEC8521587BDAC006A7F37 /* ChoiceViewController.m */; };
		07EEC85D1587CCC2006A7F37 /* SettingsViewController.m in Sources */ = {isa = PBXBuildFile; fileRef = 07EEC85B1587CCC2006A7F37 /* SettingsViewController.m */; };
		07EEC85E1587CCC2006A7F37 /* SettingsViewController.xib in Resources */ = {isa = PBXBuildFile; fileRef = 07EEC85C1587CCC2006A7F37 /* SettingsViewController.xib */; };
		07F05FE91586709B00380D63 /* UIKit.framework in Frameworks */ = {isa = PBXBuildFile; fileRef = 07F05FE81586709B00380D63 /* UIKit.framework */; };
		07F05FEB1586709B00380D63 /* Foundation.framework in Frameworks */ = {isa = PBXBuildFile; fileRef = 07F05FEA1586709B00380D63 /* Foundation.framework */; };
		07F05FED1586709B00380D63 /* CoreGraphics.framework in Frameworks */ = {isa = PBXBuildFile; fileRef = 07F05FEC1586709B00380D63 /* CoreGraphics.framework */; };
		07F05FEF1586709B00380D63 /* CoreData.framework in Frameworks */ = {isa = PBXBuildFile; fileRef = 07F05FEE1586709B00380D63 /* CoreData.framework */; };
		07F05FF51586709B00380D63 /* InfoPlist.strings in Resources */ = {isa = PBXBuildFile; fileRef = 07F05FF31586709B00380D63 /* InfoPlist.strings */; };
		07F05FF71586709B00380D63 /* main.m in Sources */ = {isa = PBXBuildFile; fileRef = 07F05FF61586709B00380D63 /* main.m */; };
		07F05FFB1586709B00380D63 /* AppDelegate.m in Sources */ = {isa = PBXBuildFile; fileRef = 07F05FFA1586709B00380D63 /* AppDelegate.m */; };
		07F05FFE1586709B00380D63 /* Infernales.xcdatamodeld in Sources */ = {isa = PBXBuildFile; fileRef = 07F05FFC1586709B00380D63 /* Infernales.xcdatamodeld */; };
		320AF8492C47A4D819F7C451 /* QuartzCore.framework in Frameworks */ = {isa = PBXBuildFile; fileRef = 320AF8492C47A4D819F7C450 /* QuartzCore.framework */; };
		CB0AC9B5170234A1007C13B0 /* ShoutboxViewController.m in Sources */ = {isa = PBXBuildFile; fileRef = CB0AC9B3170234A1007C13B0 /* ShoutboxViewController.m */; };
		CB0AC9B6170234A1007C13B0 /* ShoutboxViewController.xib in Resources */ = {isa = PBXBuildFile; fileRef = CB0AC9B4170234A1007C13B0 /* ShoutboxViewController.xib */; };
		CB1FB42016FCF965003636BA /* ACPlaceholderTextView.m in Sources */ = {isa = PBXBuildFile; fileRef = CB1FB41F16FCF965003636BA /* ACPlaceholderTextView.m */; };
		CB1FB42816FCFC31003636BA /* MessageInputBarBackground.png in Resources */ = {isa = PBXBuildFile; fileRef = CB1FB42716FCFC31003636BA /* MessageInputBarBackground.png */; };
		CB1FB42A16FCFD78003636BA /* MessageInputBarBackground@2x.png in Resources */ = {isa = PBXBuildFile; fileRef = CB1FB42916FCFD78003636BA /* MessageInputBarBackground@2x.png */; };
		CB1FB42D16FCFD84003636BA /* MessageInputFieldBackground.png in Resources */ = {isa = PBXBuildFile; fileRef = CB1FB42B16FCFD84003636BA /* MessageInputFieldBackground.png */; };
		CB1FB42E16FCFD84003636BA /* MessageInputFieldBackground@2x.png in Resources */ = {isa = PBXBuildFile; fileRef = CB1FB42C16FCFD84003636BA /* MessageInputFieldBackground@2x.png */; };
		CB1FB43116FCFD8C003636BA /* SendButton.png in Resources */ = {isa = PBXBuildFile; fileRef = CB1FB42F16FCFD8C003636BA /* SendButton.png */; };
		CB1FB43216FCFD8C003636BA /* SendButton@2x.png in Resources */ = {isa = PBXBuildFile; fileRef = CB1FB43016FCFD8C003636BA /* SendButton@2x.png */; };
		CB1FB43516FCFD92003636BA /* SendButtonHighlighted.png in Resources */ = {isa = PBXBuildFile; fileRef = CB1FB43316FCFD92003636BA /* SendButtonHighlighted.png */; };
		CB1FB43616FCFD92003636BA /* SendButtonHighlighted@2x.png in Resources */ = {isa = PBXBuildFile; fileRef = CB1FB43416FCFD92003636BA /* SendButtonHighlighted@2x.png */; };
		CB21A91316F11F5F00BD3735 /* PostdetailViewController.m in Sources */ = {isa = PBXBuildFile; fileRef = CB21A91116F11F5F00BD3735 /* PostdetailViewController.m */; };
		CB21A91416F11F5F00BD3735 /* PostdetailViewController.xib in Resources */ = {isa = PBXBuildFile; fileRef = CB21A91216F11F5F00BD3735 /* PostdetailViewController.xib */; };
		CB44E2CF16F903CB0050DA9C /* ASIAuthenticationDialog.m in Sources */ = {isa = PBXBuildFile; fileRef = CB44E2BC16F903CB0050DA9C /* ASIAuthenticationDialog.m */; };
		CB44E2D016F903CB0050DA9C /* ASIDataCompressor.m in Sources */ = {isa = PBXBuildFile; fileRef = CB44E2BF16F903CB0050DA9C /* ASIDataCompressor.m */; };
		CB44E2D116F903CB0050DA9C /* ASIDataDecompressor.m in Sources */ = {isa = PBXBuildFile; fileRef = CB44E2C116F903CB0050DA9C /* ASIDataDecompressor.m */; };
		CB44E2D216F903CB0050DA9C /* ASIDownloadCache.m in Sources */ = {isa = PBXBuildFile; fileRef = CB44E2C316F903CB0050DA9C /* ASIDownloadCache.m */; };
		CB44E2D316F903CB0050DA9C /* ASIFormDataRequest.m in Sources */ = {isa = PBXBuildFile; fileRef = CB44E2C516F903CB0050DA9C /* ASIFormDataRequest.m */; };
		CB44E2D416F903CB0050DA9C /* ASIHTTPRequest.m in Sources */ = {isa = PBXBuildFile; fileRef = CB44E2C716F903CB0050DA9C /* ASIHTTPRequest.m */; };
		CB44E2D516F903CB0050DA9C /* ASIInputStream.m in Sources */ = {isa = PBXBuildFile; fileRef = CB44E2CB16F903CB0050DA9C /* ASIInputStream.m */; };
		CB44E2D616F903CB0050DA9C /* ASINetworkQueue.m in Sources */ = {isa = PBXBuildFile; fileRef = CB44E2CD16F903CB0050DA9C /* ASINetworkQueue.m */; };
		CB44E2D916F903FD0050DA9C /* Reachability.m in Sources */ = {isa = PBXBuildFile; fileRef = CB44E2D816F903FD0050DA9C /* Reachability.m */; };
		CB44E2DB16F904410050DA9C /* CFNetwork.framework in Frameworks */ = {isa = PBXBuildFile; fileRef = CB44E2DA16F904410050DA9C /* CFNetwork.framework */; };
		CB44E2DD16F9044C0050DA9C /* SystemConfiguration.framework in Frameworks */ = {isa = PBXBuildFile; fileRef = CB44E2DC16F9044C0050DA9C /* SystemConfiguration.framework */; };
		CB44E2DF16F904560050DA9C /* MobileCoreServices.framework in Frameworks */ = {isa = PBXBuildFile; fileRef = CB44E2DE16F904560050DA9C /* MobileCoreServices.framework */; };
		CB44E2E116F9046D0050DA9C /* libz.dylib in Frameworks */ = {isa = PBXBuildFile; fileRef = CB44E2E016F9046D0050DA9C /* libz.dylib */; };
		CB87B5CD16ED0BFC0022355F /* infernales.png in Resources */ = {isa = PBXBuildFile; fileRef = CB87B5CC16ED0BFC0022355F /* infernales.png */; };
		CB87B5CF16ED0C0E0022355F /* infernales.png in Resources */ = {isa = PBXBuildFile; fileRef = CB87B5CE16ED0C0E0022355F /* infernales.png */; };
		CB893B6816E684F00028DBF0 /* foldernew.gif in Resources */ = {isa = PBXBuildFile; fileRef = CB893B6716E684F00028DBF0 /* foldernew.gif */; };
		CB893B6F16E696A80028DBF0 /* PostViewController.m in Sources */ = {isa = PBXBuildFile; fileRef = CB893B6D16E696A80028DBF0 /* PostViewController.m */; };
		CB893B7016E696A80028DBF0 /* PostViewController.xib in Resources */ = {isa = PBXBuildFile; fileRef = CB893B6E16E696A80028DBF0 /* PostViewController.xib */; };
		CB91035F16FBA2DC00DA7E07 /* PostFormViewController.m in Sources */ = {isa = PBXBuildFile; fileRef = CB91035D16FBA2DC00DA7E07 /* PostFormViewController.m */; };
		CB91036016FBA2DC00DA7E07 /* PostFormViewController.xib in Resources */ = {isa = PBXBuildFile; fileRef = CB91035E16FBA2DC00DA7E07 /* PostFormViewController.xib */; };
		CB9D836216E375FC0047B1F2 /* NSString+HtmlEntities.m in Sources */ = {isa = PBXBuildFile; fileRef = CB9D836116E375FC0047B1F2 /* NSString+HtmlEntities.m */; };
		CB9D836516E38E7D0047B1F2 /* ThreadViewCell.m in Sources */ = {isa = PBXBuildFile; fileRef = CB9D836416E38E7D0047B1F2 /* ThreadViewCell.m */; };
		CB9D836716E390090047B1F2 /* ThreadViewCell.xib in Resources */ = {isa = PBXBuildFile; fileRef = CB9D836616E390090047B1F2 /* ThreadViewCell.xib */; };
		CBAFD2D616EA7D21002D4BE8 /* PostViewCell.m in Sources */ = {isa = PBXBuildFile; fileRef = CBAFD2D516EA7D21002D4BE8 /* PostViewCell.m */; };
		CBAFD2D816EA7D36002D4BE8 /* PostViewCell.xib in Resources */ = {isa = PBXBuildFile; fileRef = CBAFD2D716EA7D36002D4BE8 /* PostViewCell.xib */; };
		CBBD598815A4C9C9002BA33F /* OrderedDictionary.m in Sources */ = {isa = PBXBuildFile; fileRef = CBBD598715A4C9C9002BA33F /* OrderedDictionary.m */; };
		CBCFB1B916E3E2C500972EEB /* pin.png in Resources */ = {isa = PBXBuildFile; fileRef = CBCFB1B816E3E2C500972EEB /* pin.png */; };
		CBD0273C17085E7000EC67D3 /* ThreadFormViewController.m in Sources */ = {isa = PBXBuildFile; fileRef = CBD0273A17085E7000EC67D3 /* ThreadFormViewController.m */; };
		CBD0273D17085E7000EC67D3 /* ThreadFormViewController.xib in Resources */ = {isa = PBXBuildFile; fileRef = CBD0273B17085E7000EC67D3 /* ThreadFormViewController.xib */; };
		CBE9BEF816E546AE0050EE0F /* ForumViewCell.m in Sources */ = {isa = PBXBuildFile; fileRef = CBE9BEF716E546AE0050EE0F /* ForumViewCell.m */; };
		CBE9BEFA16E5470F0050EE0F /* ForumViewCell.xib in Resources */ = {isa = PBXBuildFile; fileRef = CBE9BEF916E5470F0050EE0F /* ForumViewCell.xib */; };
		CBF161F415B350990030D2C2 /* ThreadViewController.m in Sources */ = {isa = PBXBuildFile; fileRef = CBF161F215B350990030D2C2 /* ThreadViewController.m */; };
		CBF161F515B350990030D2C2 /* ThreadViewController.xib in Resources */ = {isa = PBXBuildFile; fileRef = CBF161F315B350990030D2C2 /* ThreadViewController.xib */; };
		CBF60D3917078895004A67C8 /* ShoutboxViewCell.m in Sources */ = {isa = PBXBuildFile; fileRef = CBF60D3817078895004A67C8 /* ShoutboxViewCell.m */; };
		CBF60D3B170788AC004A67C8 /* ShoutboxViewCell.xib in Resources */ = {isa = PBXBuildFile; fileRef = CBF60D3A170788AC004A67C8 /* ShoutboxViewCell.xib */; };
/* End PBXBuildFile section */

/* Begin PBXFileReference section */
		0777939D1597A1B100E37317 /* NSString+MD5.h */ = {isa = PBXFileReference; fileEncoding = 4; lastKnownFileType = sourcecode.c.h; path = "NSString+MD5.h"; sourceTree = "<group>"; };
		0777939E1597A1B100E37317 /* NSString+MD5.m */ = {isa = PBXFileReference; fileEncoding = 4; lastKnownFileType = sourcecode.c.objc; path = "NSString+MD5.m"; sourceTree = "<group>"; };
		07E75789159657ED000EA122 /* JSON.h */ = {isa = PBXFileReference; fileEncoding = 4; lastKnownFileType = sourcecode.c.h; path = JSON.h; sourceTree = "<group>"; };
		07E7578A159657ED000EA122 /* NSObject+SBJSON.h */ = {isa = PBXFileReference; fileEncoding = 4; lastKnownFileType = sourcecode.c.h; path = "NSObject+SBJSON.h"; sourceTree = "<group>"; };
		07E7578B159657ED000EA122 /* NSObject+SBJSON.m */ = {isa = PBXFileReference; fileEncoding = 4; lastKnownFileType = sourcecode.c.objc; path = "NSObject+SBJSON.m"; sourceTree = "<group>"; };
		07E7578C159657ED000EA122 /* NSString+SBJSON.h */ = {isa = PBXFileReference; fileEncoding = 4; lastKnownFileType = sourcecode.c.h; path = "NSString+SBJSON.h"; sourceTree = "<group>"; };
		07E7578D159657ED000EA122 /* NSString+SBJSON.m */ = {isa = PBXFileReference; fileEncoding = 4; lastKnownFileType = sourcecode.c.objc; path = "NSString+SBJSON.m"; sourceTree = "<group>"; };
		07E7578E159657ED000EA122 /* SBJSON.h */ = {isa = PBXFileReference; fileEncoding = 4; lastKnownFileType = sourcecode.c.h; path = SBJSON.h; sourceTree = "<group>"; };
		07E7578F159657ED000EA122 /* SBJSON.m */ = {isa = PBXFileReference; fileEncoding = 4; lastKnownFileType = sourcecode.c.objc; path = SBJSON.m; sourceTree = "<group>"; };
		07E75790159657ED000EA122 /* SBJsonBase.h */ = {isa = PBXFileReference; fileEncoding = 4; lastKnownFileType = sourcecode.c.h; path = SBJsonBase.h; sourceTree = "<group>"; };
		07E75791159657ED000EA122 /* SBJsonBase.m */ = {isa = PBXFileReference; fileEncoding = 4; lastKnownFileType = sourcecode.c.objc; path = SBJsonBase.m; sourceTree = "<group>"; };
		07E75792159657ED000EA122 /* SBJsonParser.h */ = {isa = PBXFileReference; fileEncoding = 4; lastKnownFileType = sourcecode.c.h; path = SBJsonParser.h; sourceTree = "<group>"; };
		07E75793159657ED000EA122 /* SBJsonParser.m */ = {isa = PBXFileReference; fileEncoding = 4; lastKnownFileType = sourcecode.c.objc; path = SBJsonParser.m; sourceTree = "<group>"; };
		07E75794159657ED000EA122 /* SBJsonWriter.h */ = {isa = PBXFileReference; fileEncoding = 4; lastKnownFileType = sourcecode.c.h; path = SBJsonWriter.h; sourceTree = "<group>"; };
		07E75795159657ED000EA122 /* SBJsonWriter.m */ = {isa = PBXFileReference; fileEncoding = 4; lastKnownFileType = sourcecode.c.objc; path = SBJsonWriter.m; sourceTree = "<group>"; };
		07E7579D15965856000EA122 /* ForumViewController.h */ = {isa = PBXFileReference; fileEncoding = 4; lastKnownFileType = sourcecode.c.h; path = ForumViewController.h; sourceTree = "<group>"; };
		07E7579E15965856000EA122 /* ForumViewController.m */ = {isa = PBXFileReference; fileEncoding = 4; lastKnownFileType = sourcecode.c.objc; path = ForumViewController.m; sourceTree = "<group>"; };
		07E7579F15965856000EA122 /* ForumViewController.xib */ = {isa = PBXFileReference; fileEncoding = 4; lastKnownFileType = file.xib; path = ForumViewController.xib; sourceTree = "<group>"; };
		07E757A215965A35000EA122 /* NewsViewController.h */ = {isa = PBXFileReference; fileEncoding = 4; lastKnownFileType = sourcecode.c.h; path = NewsViewController.h; sourceTree = "<group>"; };
		07E757A315965A35000EA122 /* NewsViewController.m */ = {isa = PBXFileReference; fileEncoding = 4; lastKnownFileType = sourcecode.c.objc; path = NewsViewController.m; sourceTree = "<group>"; };
		07E757A415965A35000EA122 /* NewsViewController.xib */ = {isa = PBXFileReference; fileEncoding = 4; lastKnownFileType = file.xib; path = NewsViewController.xib; sourceTree = "<group>"; };
		07EEC8511587BDAC006A7F37 /* ChoiceViewController.h */ = {isa = PBXFileReference; fileEncoding = 4; lastKnownFileType = sourcecode.c.h; path = ChoiceViewController.h; sourceTree = "<group>"; };
		07EEC8521587BDAC006A7F37 /* ChoiceViewController.m */ = {isa = PBXFileReference; fileEncoding = 4; lastKnownFileType = sourcecode.c.objc; path = ChoiceViewController.m; sourceTree = "<group>"; };
		07EEC85A1587CCC2006A7F37 /* SettingsViewController.h */ = {isa = PBXFileReference; fileEncoding = 4; lastKnownFileType = sourcecode.c.h; path = SettingsViewController.h; sourceTree = "<group>"; };
		07EEC85B1587CCC2006A7F37 /* SettingsViewController.m */ = {isa = PBXFileReference; fileEncoding = 4; lastKnownFileType = sourcecode.c.objc; path = SettingsViewController.m; sourceTree = "<group>"; };
		07EEC85C1587CCC2006A7F37 /* SettingsViewController.xib */ = {isa = PBXFileReference; fileEncoding = 4; lastKnownFileType = file.xib; path = SettingsViewController.xib; sourceTree = "<group>"; };
		07F05FE41586709B00380D63 /* Infernales.app */ = {isa = PBXFileReference; explicitFileType = wrapper.application; includeInIndex = 0; path = Infernales.app; sourceTree = BUILT_PRODUCTS_DIR; };
		07F05FE81586709B00380D63 /* UIKit.framework */ = {isa = PBXFileReference; lastKnownFileType = wrapper.framework; name = UIKit.framework; path = System/Library/Frameworks/UIKit.framework; sourceTree = SDKROOT; };
		07F05FEA1586709B00380D63 /* Foundation.framework */ = {isa = PBXFileReference; lastKnownFileType = wrapper.framework; name = Foundation.framework; path = System/Library/Frameworks/Foundation.framework; sourceTree = SDKROOT; };
		07F05FEC1586709B00380D63 /* CoreGraphics.framework */ = {isa = PBXFileReference; lastKnownFileType = wrapper.framework; name = CoreGraphics.framework; path = System/Library/Frameworks/CoreGraphics.framework; sourceTree = SDKROOT; };
		07F05FEE1586709B00380D63 /* CoreData.framework */ = {isa = PBXFileReference; lastKnownFileType = wrapper.framework; name = CoreData.framework; path = System/Library/Frameworks/CoreData.framework; sourceTree = SDKROOT; };
		07F05FF21586709B00380D63 /* Infernales-Info.plist */ = {isa = PBXFileReference; lastKnownFileType = text.plist.xml; path = "Infernales-Info.plist"; sourceTree = "<group>"; };
		07F05FF41586709B00380D63 /* en */ = {isa = PBXFileReference; lastKnownFileType = text.plist.strings; name = en; path = en.lproj/InfoPlist.strings; sourceTree = "<group>"; };
		07F05FF61586709B00380D63 /* main.m */ = {isa = PBXFileReference; lastKnownFileType = sourcecode.c.objc; path = main.m; sourceTree = "<group>"; };
		07F05FF81586709B00380D63 /* Infernales-Prefix.pch */ = {isa = PBXFileReference; lastKnownFileType = sourcecode.c.h; path = "Infernales-Prefix.pch"; sourceTree = "<group>"; };
		07F05FF91586709B00380D63 /* AppDelegate.h */ = {isa = PBXFileReference; lastKnownFileType = sourcecode.c.h; path = AppDelegate.h; sourceTree = "<group>"; };
		07F05FFA1586709B00380D63 /* AppDelegate.m */ = {isa = PBXFileReference; lastKnownFileType = sourcecode.c.objc; path = AppDelegate.m; sourceTree = "<group>"; };
		07F05FFD1586709B00380D63 /* Infernales.xcdatamodel */ = {isa = PBXFileReference; lastKnownFileType = wrapper.xcdatamodel; path = Infernales.xcdatamodel; sourceTree = "<group>"; };
		320AF8492C47A4D819F7C450 /* QuartzCore.framework */ = {isa = PBXFileReference; lastKnownFileType = wrapper.frameworks; name = QuartzCore.framework; path = System/Library/Frameworks/QuartzCore.framework; sourceTree = SDKROOT; };
		CB0AC9B2170234A1007C13B0 /* ShoutboxViewController.h */ = {isa = PBXFileReference; fileEncoding = 4; lastKnownFileType = sourcecode.c.h; path = ShoutboxViewController.h; sourceTree = "<group>"; };
		CB0AC9B3170234A1007C13B0 /* ShoutboxViewController.m */ = {isa = PBXFileReference; fileEncoding = 4; lastKnownFileType = sourcecode.c.objc; path = ShoutboxViewController.m; sourceTree = "<group>"; };
		CB0AC9B4170234A1007C13B0 /* ShoutboxViewController.xib */ = {isa = PBXFileReference; fileEncoding = 4; lastKnownFileType = file.xib; path = ShoutboxViewController.xib; sourceTree = "<group>"; };
		CB1FB41E16FCF965003636BA /* ACPlaceholderTextView.h */ = {isa = PBXFileReference; fileEncoding = 4; lastKnownFileType = sourcecode.c.h; path = ACPlaceholderTextView.h; sourceTree = "<group>"; };
		CB1FB41F16FCF965003636BA /* ACPlaceholderTextView.m */ = {isa = PBXFileReference; fileEncoding = 4; lastKnownFileType = sourcecode.c.objc; path = ACPlaceholderTextView.m; sourceTree = "<group>"; };
		CB1FB42716FCFC31003636BA /* MessageInputBarBackground.png */ = {isa = PBXFileReference; lastKnownFileType = image.png; path = MessageInputBarBackground.png; sourceTree = "<group>"; };
		CB1FB42916FCFD78003636BA /* MessageInputBarBackground@2x.png */ = {isa = PBXFileReference; lastKnownFileType = image.png; path = "MessageInputBarBackground@2x.png"; sourceTree = "<group>"; };
		CB1FB42B16FCFD84003636BA /* MessageInputFieldBackground.png */ = {isa = PBXFileReference; lastKnownFileType = image.png; path = MessageInputFieldBackground.png; sourceTree = "<group>"; };
		CB1FB42C16FCFD84003636BA /* MessageInputFieldBackground@2x.png */ = {isa = PBXFileReference; lastKnownFileType = image.png; path = "MessageInputFieldBackground@2x.png"; sourceTree = "<group>"; };
		CB1FB42F16FCFD8C003636BA /* SendButton.png */ = {isa = PBXFileReference; lastKnownFileType = image.png; path = SendButton.png; sourceTree = "<group>"; };
		CB1FB43016FCFD8C003636BA /* SendButton@2x.png */ = {isa = PBXFileReference; lastKnownFileType = image.png; path = "SendButton@2x.png"; sourceTree = "<group>"; };
		CB1FB43316FCFD92003636BA /* SendButtonHighlighted.png */ = {isa = PBXFileReference; lastKnownFileType = image.png; path = SendButtonHighlighted.png; sourceTree = "<group>"; };
		CB1FB43416FCFD92003636BA /* SendButtonHighlighted@2x.png */ = {isa = PBXFileReference; lastKnownFileType = image.png; path = "SendButtonHighlighted@2x.png"; sourceTree = "<group>"; };
		CB21A91016F11F5F00BD3735 /* PostdetailViewController.h */ = {isa = PBXFileReference; fileEncoding = 4; lastKnownFileType = sourcecode.c.h; name = PostdetailViewController.h; path = ../PostdetailViewController.h; sourceTree = "<group>"; };
		CB21A91116F11F5F00BD3735 /* PostdetailViewController.m */ = {isa = PBXFileReference; fileEncoding = 4; lastKnownFileType = sourcecode.c.objc; name = PostdetailViewController.m; path = ../PostdetailViewController.m; sourceTree = "<group>"; };
		CB21A91216F11F5F00BD3735 /* PostdetailViewController.xib */ = {isa = PBXFileReference; fileEncoding = 4; lastKnownFileType = file.xib; name = PostdetailViewController.xib; path = ../PostdetailViewController.xib; sourceTree = "<group>"; };
		CB44E2BB16F903CB0050DA9C /* ASIAuthenticationDialog.h */ = {isa = PBXFileReference; fileEncoding = 4; lastKnownFileType = sourcecode.c.h; path = ASIAuthenticationDialog.h; sourceTree = "<group>"; };
		CB44E2BC16F903CB0050DA9C /* ASIAuthenticationDialog.m */ = {isa = PBXFileReference; fileEncoding = 4; lastKnownFileType = sourcecode.c.objc; path = ASIAuthenticationDialog.m; sourceTree = "<group>"; };
		CB44E2BD16F903CB0050DA9C /* ASICacheDelegate.h */ = {isa = PBXFileReference; fileEncoding = 4; lastKnownFileType = sourcecode.c.h; path = ASICacheDelegate.h; sourceTree = "<group>"; };
		CB44E2BE16F903CB0050DA9C /* ASIDataCompressor.h */ = {isa = PBXFileReference; fileEncoding = 4; lastKnownFileType = sourcecode.c.h; path = ASIDataCompressor.h; sourceTree = "<group>"; };
		CB44E2BF16F903CB0050DA9C /* ASIDataCompressor.m */ = {isa = PBXFileReference; fileEncoding = 4; lastKnownFileType = sourcecode.c.objc; path = ASIDataCompressor.m; sourceTree = "<group>"; };
		CB44E2C016F903CB0050DA9C /* ASIDataDecompressor.h */ = {isa = PBXFileReference; fileEncoding = 4; lastKnownFileType = sourcecode.c.h; path = ASIDataDecompressor.h; sourceTree = "<group>"; };
		CB44E2C116F903CB0050DA9C /* ASIDataDecompressor.m */ = {isa = PBXFileReference; fileEncoding = 4; lastKnownFileType = sourcecode.c.objc; path = ASIDataDecompressor.m; sourceTree = "<group>"; };
		CB44E2C216F903CB0050DA9C /* ASIDownloadCache.h */ = {isa = PBXFileReference; fileEncoding = 4; lastKnownFileType = sourcecode.c.h; path = ASIDownloadCache.h; sourceTree = "<group>"; };
		CB44E2C316F903CB0050DA9C /* ASIDownloadCache.m */ = {isa = PBXFileReference; fileEncoding = 4; lastKnownFileType = sourcecode.c.objc; path = ASIDownloadCache.m; sourceTree = "<group>"; };
		CB44E2C416F903CB0050DA9C /* ASIFormDataRequest.h */ = {isa = PBXFileReference; fileEncoding = 4; lastKnownFileType = sourcecode.c.h; path = ASIFormDataRequest.h; sourceTree = "<group>"; };
		CB44E2C516F903CB0050DA9C /* ASIFormDataRequest.m */ = {isa = PBXFileReference; fileEncoding = 4; lastKnownFileType = sourcecode.c.objc; path = ASIFormDataRequest.m; sourceTree = "<group>"; };
		CB44E2C616F903CB0050DA9C /* ASIHTTPRequest.h */ = {isa = PBXFileReference; fileEncoding = 4; lastKnownFileType = sourcecode.c.h; path = ASIHTTPRequest.h; sourceTree = "<group>"; };
		CB44E2C716F903CB0050DA9C /* ASIHTTPRequest.m */ = {isa = PBXFileReference; fileEncoding = 4; lastKnownFileType = sourcecode.c.objc; path = ASIHTTPRequest.m; sourceTree = "<group>"; };
		CB44E2C816F903CB0050DA9C /* ASIHTTPRequestConfig.h */ = {isa = PBXFileReference; fileEncoding = 4; lastKnownFileType = sourcecode.c.h; path = ASIHTTPRequestConfig.h; sourceTree = "<group>"; };
		CB44E2C916F903CB0050DA9C /* ASIHTTPRequestDelegate.h */ = {isa = PBXFileReference; fileEncoding = 4; lastKnownFileType = sourcecode.c.h; path = ASIHTTPRequestDelegate.h; sourceTree = "<group>"; };
		CB44E2CA16F903CB0050DA9C /* ASIInputStream.h */ = {isa = PBXFileReference; fileEncoding = 4; lastKnownFileType = sourcecode.c.h; path = ASIInputStream.h; sourceTree = "<group>"; };
		CB44E2CB16F903CB0050DA9C /* ASIInputStream.m */ = {isa = PBXFileReference; fileEncoding = 4; lastKnownFileType = sourcecode.c.objc; path = ASIInputStream.m; sourceTree = "<group>"; };
		CB44E2CC16F903CB0050DA9C /* ASINetworkQueue.h */ = {isa = PBXFileReference; fileEncoding = 4; lastKnownFileType = sourcecode.c.h; path = ASINetworkQueue.h; sourceTree = "<group>"; };
		CB44E2CD16F903CB0050DA9C /* ASINetworkQueue.m */ = {isa = PBXFileReference; fileEncoding = 4; lastKnownFileType = sourcecode.c.objc; path = ASINetworkQueue.m; sourceTree = "<group>"; };
		CB44E2CE16F903CB0050DA9C /* ASIProgressDelegate.h */ = {isa = PBXFileReference; fileEncoding = 4; lastKnownFileType = sourcecode.c.h; path = ASIProgressDelegate.h; sourceTree = "<group>"; };
		CB44E2D716F903FD0050DA9C /* Reachability.h */ = {isa = PBXFileReference; fileEncoding = 4; lastKnownFileType = sourcecode.c.h; path = Reachability.h; sourceTree = "<group>"; };
		CB44E2D816F903FD0050DA9C /* Reachability.m */ = {isa = PBXFileReference; fileEncoding = 4; lastKnownFileType = sourcecode.c.objc; path = Reachability.m; sourceTree = "<group>"; };
		CB44E2DA16F904410050DA9C /* CFNetwork.framework */ = {isa = PBXFileReference; lastKnownFileType = wrapper.framework; name = CFNetwork.framework; path = System/Library/Frameworks/CFNetwork.framework; sourceTree = SDKROOT; };
		CB44E2DC16F9044C0050DA9C /* SystemConfiguration.framework */ = {isa = PBXFileReference; lastKnownFileType = wrapper.framework; name = SystemConfiguration.framework; path = System/Library/Frameworks/SystemConfiguration.framework; sourceTree = SDKROOT; };
		CB44E2DE16F904560050DA9C /* MobileCoreServices.framework */ = {isa = PBXFileReference; lastKnownFileType = wrapper.framework; name = MobileCoreServices.framework; path = System/Library/Frameworks/MobileCoreServices.framework; sourceTree = SDKROOT; };
		CB44E2E016F9046D0050DA9C /* libz.dylib */ = {isa = PBXFileReference; lastKnownFileType = "compiled.mach-o.dylib"; name = libz.dylib; path = usr/lib/libz.dylib; sourceTree = SDKROOT; };
		CB87B5CC16ED0BFC0022355F /* infernales.png */ = {isa = PBXFileReference; lastKnownFileType = image.png; path = infernales.png; sourceTree = "<group>"; };
		CB87B5CE16ED0C0E0022355F /* infernales.png */ = {isa = PBXFileReference; lastKnownFileType = image.png; path = infernales.png; sourceTree = "<group>"; };
		CB893B6716E684F00028DBF0 /* foldernew.gif */ = {isa = PBXFileReference; lastKnownFileType = image.gif; path = foldernew.gif; sourceTree = "<group>"; };
		CB893B6C16E696A80028DBF0 /* PostViewController.h */ = {isa = PBXFileReference; fileEncoding = 4; lastKnownFileType = sourcecode.c.h; path = PostViewController.h; sourceTree = "<group>"; };
		CB893B6D16E696A80028DBF0 /* PostViewController.m */ = {isa = PBXFileReference; fileEncoding = 4; lastKnownFileType = sourcecode.c.objc; path = PostViewController.m; sourceTree = "<group>"; };
		CB893B6E16E696A80028DBF0 /* PostViewController.xib */ = {isa = PBXFileReference; fileEncoding = 4; lastKnownFileType = file.xib; path = PostViewController.xib; sourceTree = "<group>"; };
		CB91035C16FBA2DC00DA7E07 /* PostFormViewController.h */ = {isa = PBXFileReference; fileEncoding = 4; lastKnownFileType = sourcecode.c.h; path = PostFormViewController.h; sourceTree = "<group>"; };
		CB91035D16FBA2DC00DA7E07 /* PostFormViewController.m */ = {isa = PBXFileReference; fileEncoding = 4; lastKnownFileType = sourcecode.c.objc; path = PostFormViewController.m; sourceTree = "<group>"; };
		CB91035E16FBA2DC00DA7E07 /* PostFormViewController.xib */ = {isa = PBXFileReference; fileEncoding = 4; lastKnownFileType = file.xib; path = PostFormViewController.xib; sourceTree = "<group>"; };
		CB9D836016E375FC0047B1F2 /* NSString+HtmlEntities.h */ = {isa = PBXFileReference; fileEncoding = 4; lastKnownFileType = sourcecode.c.h; name = "NSString+HtmlEntities.h"; path = "../NSString+HtmlEntities.h"; sourceTree = "<group>"; };
		CB9D836116E375FC0047B1F2 /* NSString+HtmlEntities.m */ = {isa = PBXFileReference; fileEncoding = 4; lastKnownFileType = sourcecode.c.objc; name = "NSString+HtmlEntities.m"; path = "../NSString+HtmlEntities.m"; sourceTree = "<group>"; };
		CB9D836316E38E7D0047B1F2 /* ThreadViewCell.h */ = {isa = PBXFileReference; fileEncoding = 4; lastKnownFileType = sourcecode.c.h; path = ThreadViewCell.h; sourceTree = "<group>"; };
		CB9D836416E38E7D0047B1F2 /* ThreadViewCell.m */ = {isa = PBXFileReference; fileEncoding = 4; lastKnownFileType = sourcecode.c.objc; path = ThreadViewCell.m; sourceTree = "<group>"; };
		CB9D836616E390090047B1F2 /* ThreadViewCell.xib */ = {isa = PBXFileReference; fileEncoding = 4; lastKnownFileType = file.xib; path = ThreadViewCell.xib; sourceTree = "<group>"; };
		CBAFD2D416EA7D21002D4BE8 /* PostViewCell.h */ = {isa = PBXFileReference; fileEncoding = 4; lastKnownFileType = sourcecode.c.h; path = PostViewCell.h; sourceTree = "<group>"; };
		CBAFD2D516EA7D21002D4BE8 /* PostViewCell.m */ = {isa = PBXFileReference; fileEncoding = 4; lastKnownFileType = sourcecode.c.objc; path = PostViewCell.m; sourceTree = "<group>"; };
		CBAFD2D716EA7D36002D4BE8 /* PostViewCell.xib */ = {isa = PBXFileReference; fileEncoding = 4; lastKnownFileType = file.xib; path = PostViewCell.xib; sourceTree = "<group>"; };
		CBBD598615A4C9C9002BA33F /* OrderedDictionary.h */ = {isa = PBXFileReference; fileEncoding = 4; lastKnownFileType = sourcecode.c.h; path = OrderedDictionary.h; sourceTree = "<group>"; };
		CBBD598715A4C9C9002BA33F /* OrderedDictionary.m */ = {isa = PBXFileReference; fileEncoding = 4; lastKnownFileType = sourcecode.c.objc; path = OrderedDictionary.m; sourceTree = "<group>"; };
		CBCFB1B816E3E2C500972EEB /* pin.png */ = {isa = PBXFileReference; lastKnownFileType = image.png; path = pin.png; sourceTree = "<group>"; };
		CBD0273917085E7000EC67D3 /* ThreadFormViewController.h */ = {isa = PBXFileReference; fileEncoding = 4; lastKnownFileType = sourcecode.c.h; path = ThreadFormViewController.h; sourceTree = "<group>"; };
		CBD0273A17085E7000EC67D3 /* ThreadFormViewController.m */ = {isa = PBXFileReference; fileEncoding = 4; lastKnownFileType = sourcecode.c.objc; path = ThreadFormViewController.m; sourceTree = "<group>"; };
		CBD0273B17085E7000EC67D3 /* ThreadFormViewController.xib */ = {isa = PBXFileReference; fileEncoding = 4; lastKnownFileType = file.xib; path = ThreadFormViewController.xib; sourceTree = "<group>"; };
		CBE9BEF616E546AE0050EE0F /* ForumViewCell.h */ = {isa = PBXFileReference; fileEncoding = 4; lastKnownFileType = sourcecode.c.h; path = ForumViewCell.h; sourceTree = "<group>"; };
		CBE9BEF716E546AE0050EE0F /* ForumViewCell.m */ = {isa = PBXFileReference; fileEncoding = 4; lastKnownFileType = sourcecode.c.objc; path = ForumViewCell.m; sourceTree = "<group>"; };
		CBE9BEF916E5470F0050EE0F /* ForumViewCell.xib */ = {isa = PBXFileReference; fileEncoding = 4; lastKnownFileType = file.xib; path = ForumViewCell.xib; sourceTree = "<group>"; };
		CBF161F115B350990030D2C2 /* ThreadViewController.h */ = {isa = PBXFileReference; fileEncoding = 4; lastKnownFileType = sourcecode.c.h; path = ThreadViewController.h; sourceTree = "<group>"; };
		CBF161F215B350990030D2C2 /* ThreadViewController.m */ = {isa = PBXFileReference; fileEncoding = 4; lastKnownFileType = sourcecode.c.objc; path = ThreadViewController.m; sourceTree = "<group>"; };
		CBF161F315B350990030D2C2 /* ThreadViewController.xib */ = {isa = PBXFileReference; fileEncoding = 4; lastKnownFileType = file.xib; path = ThreadViewController.xib; sourceTree = "<group>"; };
		CBF60D3717078895004A67C8 /* ShoutboxViewCell.h */ = {isa = PBXFileReference; fileEncoding = 4; lastKnownFileType = sourcecode.c.h; path = ShoutboxViewCell.h; sourceTree = "<group>"; };
		CBF60D3817078895004A67C8 /* ShoutboxViewCell.m */ = {isa = PBXFileReference; fileEncoding = 4; lastKnownFileType = sourcecode.c.objc; path = ShoutboxViewCell.m; sourceTree = "<group>"; };
		CBF60D3A170788AC004A67C8 /* ShoutboxViewCell.xib */ = {isa = PBXFileReference; fileEncoding = 4; lastKnownFileType = file.xib; path = ShoutboxViewCell.xib; sourceTree = "<group>"; };
/* End PBXFileReference section */

/* Begin PBXFrameworksBuildPhase section */
		07F05FE11586709B00380D63 /* Frameworks */ = {
			isa = PBXFrameworksBuildPhase;
			buildActionMask = 2147483647;
			files = (
				CB44E2E116F9046D0050DA9C /* libz.dylib in Frameworks */,
				07F05FED1586709B00380D63 /* CoreGraphics.framework in Frameworks */,
				CB44E2DF16F904560050DA9C /* MobileCoreServices.framework in Frameworks */,
				CB44E2DD16F9044C0050DA9C /* SystemConfiguration.framework in Frameworks */,
				CB44E2DB16F904410050DA9C /* CFNetwork.framework in Frameworks */,
				320AF8492C47A4D819F7C451 /* QuartzCore.framework in Frameworks */,
				07F05FE91586709B00380D63 /* UIKit.framework in Frameworks */,
				07F05FEB1586709B00380D63 /* Foundation.framework in Frameworks */,
				07F05FEF1586709B00380D63 /* CoreData.framework in Frameworks */,
			);
			runOnlyForDeploymentPostprocessing = 0;
		};
/* End PBXFrameworksBuildPhase section */

/* Begin PBXGroup section */
		0777939B1597A18800E37317 /* md5 */ = {
			isa = PBXGroup;
			children = (
				0777939D1597A1B100E37317 /* NSString+MD5.h */,
				0777939E1597A1B100E37317 /* NSString+MD5.m */,
			);
			name = md5;
			sourceTree = "<group>";
		};
		07E75788159657ED000EA122 /* JSON */ = {
			isa = PBXGroup;
			children = (
				07E75789159657ED000EA122 /* JSON.h */,
				07E7578A159657ED000EA122 /* NSObject+SBJSON.h */,
				07E7578B159657ED000EA122 /* NSObject+SBJSON.m */,
				07E7578C159657ED000EA122 /* NSString+SBJSON.h */,
				07E7578D159657ED000EA122 /* NSString+SBJSON.m */,
				07E7578E159657ED000EA122 /* SBJSON.h */,
				07E7578F159657ED000EA122 /* SBJSON.m */,
				07E75790159657ED000EA122 /* SBJsonBase.h */,
				07E75791159657ED000EA122 /* SBJsonBase.m */,
				07E75792159657ED000EA122 /* SBJsonParser.h */,
				07E75793159657ED000EA122 /* SBJsonParser.m */,
				07E75794159657ED000EA122 /* SBJsonWriter.h */,
				07E75795159657ED000EA122 /* SBJsonWriter.m */,
			);
			path = JSON;
			sourceTree = "<group>";
		};
		07F05FD91586709B00380D63 = {
			isa = PBXGroup;
			children = (
				CB44E2E016F9046D0050DA9C /* libz.dylib */,
				CB44E2DE16F904560050DA9C /* MobileCoreServices.framework */,
				CB44E2DC16F9044C0050DA9C /* SystemConfiguration.framework */,
				CB44E2DA16F904410050DA9C /* CFNetwork.framework */,
				CB87B5CE16ED0C0E0022355F /* infernales.png */,
				07F05FF01586709B00380D63 /* Infernales */,
				07F05FE71586709B00380D63 /* Frameworks */,
				07F05FE51586709B00380D63 /* Products */,
			);
			sourceTree = "<group>";
		};
		07F05FE51586709B00380D63 /* Products */ = {
			isa = PBXGroup;
			children = (
				07F05FE41586709B00380D63 /* Infernales.app */,
			);
			name = Products;
			sourceTree = "<group>";
		};
		07F05FE71586709B00380D63 /* Frameworks */ = {
			isa = PBXGroup;
			children = (
				320AF8492C47A4D819F7C450 /* QuartzCore.framework */,
				07F05FE81586709B00380D63 /* UIKit.framework */,
				07F05FEA1586709B00380D63 /* Foundation.framework */,
				07F05FEC1586709B00380D63 /* CoreGraphics.framework */,
				07F05FEE1586709B00380D63 /* CoreData.framework */,
			);
			name = Frameworks;
			sourceTree = "<group>";
		};
		07F05FF01586709B00380D63 /* Infernales */ = {
			isa = PBXGroup;
			children = (
				CB1FB41E16FCF965003636BA /* ACPlaceholderTextView.h */,
				CB1FB41F16FCF965003636BA /* ACPlaceholderTextView.m */,
				CB21A91016F11F5F00BD3735 /* PostdetailViewController.h */,
				CB21A91116F11F5F00BD3735 /* PostdetailViewController.m */,
				CB9D836016E375FC0047B1F2 /* NSString+HtmlEntities.h */,
				CB9D836116E375FC0047B1F2 /* NSString+HtmlEntities.m */,
				07F05FF91586709B00380D63 /* AppDelegate.h */,
				07F05FFA1586709B00380D63 /* AppDelegate.m */,
				07EEC85A1587CCC2006A7F37 /* SettingsViewController.h */,
				07EEC85B1587CCC2006A7F37 /* SettingsViewController.m */,
				07EEC8511587BDAC006A7F37 /* ChoiceViewController.h */,
				07EEC8521587BDAC006A7F37 /* ChoiceViewController.m */,
				07E757A215965A35000EA122 /* NewsViewController.h */,
				07E757A315965A35000EA122 /* NewsViewController.m */,
				07E7579D15965856000EA122 /* ForumViewController.h */,
				07E7579E15965856000EA122 /* ForumViewController.m */,
				CBE9BEF616E546AE0050EE0F /* ForumViewCell.h */,
				CBE9BEF716E546AE0050EE0F /* ForumViewCell.m */,
				CBF161F115B350990030D2C2 /* ThreadViewController.h */,
				CBF161F215B350990030D2C2 /* ThreadViewController.m */,
				CB9D836316E38E7D0047B1F2 /* ThreadViewCell.h */,
				CB9D836416E38E7D0047B1F2 /* ThreadViewCell.m */,
				CBD0273917085E7000EC67D3 /* ThreadFormViewController.h */,
				CBD0273A17085E7000EC67D3 /* ThreadFormViewController.m */,
				CB893B6C16E696A80028DBF0 /* PostViewController.h */,
				CB893B6D16E696A80028DBF0 /* PostViewController.m */,
				CBAFD2D416EA7D21002D4BE8 /* PostViewCell.h */,
				CBAFD2D516EA7D21002D4BE8 /* PostViewCell.m */,
				07F05FFC1586709B00380D63 /* Infernales.xcdatamodeld */,
				CB91035C16FBA2DC00DA7E07 /* PostFormViewController.h */,
				CB91035D16FBA2DC00DA7E07 /* PostFormViewController.m */,
				CB0AC9B2170234A1007C13B0 /* ShoutboxViewController.h */,
				CB0AC9B3170234A1007C13B0 /* ShoutboxViewController.m */,
				CBF60D3717078895004A67C8 /* ShoutboxViewCell.h */,
				CBF60D3817078895004A67C8 /* ShoutboxViewCell.m */,
				07F05FF11586709B00380D63 /* Supporting Files */,
			);
			path = Infernales;
			sourceTree = "<group>";
		};
		07F05FF11586709B00380D63 /* Supporting Files */ = {
			isa = PBXGroup;
			children = (
				CB1FB43316FCFD92003636BA /* SendButtonHighlighted.png */,
				CB1FB43416FCFD92003636BA /* SendButtonHighlighted@2x.png */,
				CB1FB42F16FCFD8C003636BA /* SendButton.png */,
				CB1FB43016FCFD8C003636BA /* SendButton@2x.png */,
				CB1FB42B16FCFD84003636BA /* MessageInputFieldBackground.png */,
				CB1FB42C16FCFD84003636BA /* MessageInputFieldBackground@2x.png */,
				CB1FB42716FCFC31003636BA /* MessageInputBarBackground.png */,
				CB1FB42916FCFD78003636BA /* MessageInputBarBackground@2x.png */,
				CB91036316FBA34100DA7E07 /* libs */,
				CB91036216FBA32E00DA7E07 /* views */,
				CB91036116FBA31D00DA7E07 /* images */,
				CB44E2BA16F903BA0050DA9C /* ASI */,
				0777939B1597A18800E37317 /* md5 */,
				07E75788159657ED000EA122 /* JSON */,
				07F05FF81586709B00380D63 /* Infernales-Prefix.pch */,
				07F05FF21586709B00380D63 /* Infernales-Info.plist */,
				07F05FF31586709B00380D63 /* InfoPlist.strings */,
				07F05FF61586709B00380D63 /* main.m */,
			);
			name = "Supporting Files";
			sourceTree = "<group>";
		};
		CB44E2BA16F903BA0050DA9C /* ASI */ = {
			isa = PBXGroup;
			children = (
				CB44E2BB16F903CB0050DA9C /* ASIAuthenticationDialog.h */,
				CB44E2BC16F903CB0050DA9C /* ASIAuthenticationDialog.m */,
				CB44E2BD16F903CB0050DA9C /* ASICacheDelegate.h */,
				CB44E2BE16F903CB0050DA9C /* ASIDataCompressor.h */,
				CB44E2BF16F903CB0050DA9C /* ASIDataCompressor.m */,
				CB44E2C016F903CB0050DA9C /* ASIDataDecompressor.h */,
				CB44E2C116F903CB0050DA9C /* ASIDataDecompressor.m */,
				CB44E2C216F903CB0050DA9C /* ASIDownloadCache.h */,
				CB44E2C316F903CB0050DA9C /* ASIDownloadCache.m */,
				CB44E2C416F903CB0050DA9C /* ASIFormDataRequest.h */,
				CB44E2C516F903CB0050DA9C /* ASIFormDataRequest.m */,
				CB44E2C616F903CB0050DA9C /* ASIHTTPRequest.h */,
				CB44E2C716F903CB0050DA9C /* ASIHTTPRequest.m */,
				CB44E2C816F903CB0050DA9C /* ASIHTTPRequestConfig.h */,
				CB44E2C916F903CB0050DA9C /* ASIHTTPRequestDelegate.h */,
				CB44E2CA16F903CB0050DA9C /* ASIInputStream.h */,
				CB44E2CB16F903CB0050DA9C /* ASIInputStream.m */,
				CB44E2CC16F903CB0050DA9C /* ASINetworkQueue.h */,
				CB44E2CD16F903CB0050DA9C /* ASINetworkQueue.m */,
				CB44E2CE16F903CB0050DA9C /* ASIProgressDelegate.h */,
			);
			name = ASI;
			sourceTree = "<group>";
		};
		CB91036116FBA31D00DA7E07 /* images */ = {
			isa = PBXGroup;
			children = (
				CB87B5CC16ED0BFC0022355F /* infernales.png */,
				CB893B6716E684F00028DBF0 /* foldernew.gif */,
				CBCFB1B816E3E2C500972EEB /* pin.png */,
			);
			name = images;
			sourceTree = "<group>";
		};
		CB91036216FBA32E00DA7E07 /* views */ = {
			isa = PBXGroup;
			children = (
				CBD0273B17085E7000EC67D3 /* ThreadFormViewController.xib */,
				CBF60D3A170788AC004A67C8 /* ShoutboxViewCell.xib */,
				CB0AC9B4170234A1007C13B0 /* ShoutboxViewController.xib */,
				CB91035E16FBA2DC00DA7E07 /* PostFormViewController.xib */,
				CB21A91216F11F5F00BD3735 /* PostdetailViewController.xib */,
				CBAFD2D716EA7D36002D4BE8 /* PostViewCell.xib */,
				CB893B6E16E696A80028DBF0 /* PostViewController.xib */,
				CBE9BEF916E5470F0050EE0F /* ForumViewCell.xib */,
				07EEC85C1587CCC2006A7F37 /* SettingsViewController.xib */,
				07E7579F15965856000EA122 /* ForumViewController.xib */,
				07E757A415965A35000EA122 /* NewsViewController.xib */,
				CBF161F315B350990030D2C2 /* ThreadViewController.xib */,
				CB9D836616E390090047B1F2 /* ThreadViewCell.xib */,
			);
			name = views;
			sourceTree = "<group>";
		};
		CB91036316FBA34100DA7E07 /* libs */ = {
			isa = PBXGroup;
			children = (
				CB44E2D716F903FD0050DA9C /* Reachability.h */,
				CB44E2D816F903FD0050DA9C /* Reachability.m */,
				CBBD598615A4C9C9002BA33F /* OrderedDictionary.h */,
				CBBD598715A4C9C9002BA33F /* OrderedDictionary.m */,
			);
			name = libs;
			sourceTree = "<group>";
		};
/* End PBXGroup section */

/* Begin PBXNativeTarget section */
		07F05FE31586709B00380D63 /* Infernales */ = {
			isa = PBXNativeTarget;
			buildConfigurationList = 07F060011586709B00380D63 /* Build configuration list for PBXNativeTarget "Infernales" */;
			buildPhases = (
				07F05FE01586709B00380D63 /* Sources */,
				07F05FE11586709B00380D63 /* Frameworks */,
				07F05FE21586709B00380D63 /* Resources */,
			);
			buildRules = (
			);
			dependencies = (
			);
			name = Infernales;
			productName = Infernales;
			productReference = 07F05FE41586709B00380D63 /* Infernales.app */;
			productType = "com.apple.product-type.application";
		};
/* End PBXNativeTarget section */

/* Begin PBXProject section */
		07F05FDB1586709B00380D63 /* Project object */ = {
			isa = PBXProject;
			attributes = {
				LastUpgradeCheck = 0430;
			};
			buildConfigurationList = 07F05FDE1586709B00380D63 /* Build configuration list for PBXProject "Infernales" */;
			compatibilityVersion = "Xcode 3.2";
			developmentRegion = English;
			hasScannedForEncodings = 0;
			knownRegions = (
				en,
			);
			mainGroup = 07F05FD91586709B00380D63;
			productRefGroup = 07F05FE51586709B00380D63 /* Products */;
			projectDirPath = "";
			projectRoot = "";
			targets = (
				07F05FE31586709B00380D63 /* Infernales */,
			);
		};
/* End PBXProject section */

/* Begin PBXResourcesBuildPhase section */
		07F05FE21586709B00380D63 /* Resources */ = {
			isa = PBXResourcesBuildPhase;
			buildActionMask = 2147483647;
			files = (
				07F05FF51586709B00380D63 /* InfoPlist.strings in Resources */,
				07EEC85E1587CCC2006A7F37 /* SettingsViewController.xib in Resources */,
				07E757A115965857000EA122 /* ForumViewController.xib in Resources */,
				07E757A615965A35000EA122 /* NewsViewController.xib in Resources */,
				CBF161F515B350990030D2C2 /* ThreadViewController.xib in Resources */,
				CB9D836716E390090047B1F2 /* ThreadViewCell.xib in Resources */,
				CBCFB1B916E3E2C500972EEB /* pin.png in Resources */,
				CBE9BEFA16E5470F0050EE0F /* ForumViewCell.xib in Resources */,
				CB893B6816E684F00028DBF0 /* foldernew.gif in Resources */,
				CB893B7016E696A80028DBF0 /* PostViewController.xib in Resources */,
				CBAFD2D816EA7D36002D4BE8 /* PostViewCell.xib in Resources */,
				CB87B5CD16ED0BFC0022355F /* infernales.png in Resources */,
				CB87B5CF16ED0C0E0022355F /* infernales.png in Resources */,
				CB21A91416F11F5F00BD3735 /* PostdetailViewController.xib in Resources */,
				CB91036016FBA2DC00DA7E07 /* PostFormViewController.xib in Resources */,
				CB1FB42816FCFC31003636BA /* MessageInputBarBackground.png in Resources */,
				CB1FB42A16FCFD78003636BA /* MessageInputBarBackground@2x.png in Resources */,
				CB1FB42D16FCFD84003636BA /* MessageInputFieldBackground.png in Resources */,
				CB1FB42E16FCFD84003636BA /* MessageInputFieldBackground@2x.png in Resources */,
				CB1FB43116FCFD8C003636BA /* SendButton.png in Resources */,
				CB1FB43216FCFD8C003636BA /* SendButton@2x.png in Resources */,
				CB1FB43516FCFD92003636BA /* SendButtonHighlighted.png in Resources */,
				CB1FB43616FCFD92003636BA /* SendButtonHighlighted@2x.png in Resources */,
				CB0AC9B6170234A1007C13B0 /* ShoutboxViewController.xib in Resources */,
				CBF60D3B170788AC004A67C8 /* ShoutboxViewCell.xib in Resources */,
				CBD0273D17085E7000EC67D3 /* ThreadFormViewController.xib in Resources */,
			);
			runOnlyForDeploymentPostprocessing = 0;
		};
/* End PBXResourcesBuildPhase section */

/* Begin PBXSourcesBuildPhase section */
		07F05FE01586709B00380D63 /* Sources */ = {
			isa = PBXSourcesBuildPhase;
			buildActionMask = 2147483647;
			files = (
				07F05FF71586709B00380D63 /* main.m in Sources */,
				07F05FFB1586709B00380D63 /* AppDelegate.m in Sources */,
				07F05FFE1586709B00380D63 /* Infernales.xcdatamodeld in Sources */,
				07EEC8541587BDAC006A7F37 /* ChoiceViewController.m in Sources */,
				07EEC85D1587CCC2006A7F37 /* SettingsViewController.m in Sources */,
				07E75796159657ED000EA122 /* NSObject+SBJSON.m in Sources */,
				07E75797159657ED000EA122 /* NSString+SBJSON.m in Sources */,
				07E75798159657ED000EA122 /* SBJSON.m in Sources */,
				07E75799159657ED000EA122 /* SBJsonBase.m in Sources */,
				07E7579A159657ED000EA122 /* SBJsonParser.m in Sources */,
				07E7579B159657ED000EA122 /* SBJsonWriter.m in Sources */,
				07E757A015965857000EA122 /* ForumViewController.m in Sources */,
				07E757A515965A35000EA122 /* NewsViewController.m in Sources */,
				0777939F1597A1B100E37317 /* NSString+MD5.m in Sources */,
				CBBD598815A4C9C9002BA33F /* OrderedDictionary.m in Sources */,
				CBF161F415B350990030D2C2 /* ThreadViewController.m in Sources */,
				CB9D836216E375FC0047B1F2 /* NSString+HtmlEntities.m in Sources */,
				CB9D836516E38E7D0047B1F2 /* ThreadViewCell.m in Sources */,
				CBE9BEF816E546AE0050EE0F /* ForumViewCell.m in Sources */,
				CB893B6F16E696A80028DBF0 /* PostViewController.m in Sources */,
				CBAFD2D616EA7D21002D4BE8 /* PostViewCell.m in Sources */,
				CB21A91316F11F5F00BD3735 /* PostdetailViewController.m in Sources */,
				CB44E2CF16F903CB0050DA9C /* ASIAuthenticationDialog.m in Sources */,
				CB44E2D016F903CB0050DA9C /* ASIDataCompressor.m in Sources */,
				CB44E2D116F903CB0050DA9C /* ASIDataDecompressor.m in Sources */,
				CB44E2D216F903CB0050DA9C /* ASIDownloadCache.m in Sources */,
				CB44E2D316F903CB0050DA9C /* ASIFormDataRequest.m in Sources */,
				CB44E2D416F903CB0050DA9C /* ASIHTTPRequest.m in Sources */,
				CB44E2D516F903CB0050DA9C /* ASIInputStream.m in Sources */,
				CB44E2D616F903CB0050DA9C /* ASINetworkQueue.m in Sources */,
				CB44E2D916F903FD0050DA9C /* Reachability.m in Sources */,
				CB91035F16FBA2DC00DA7E07 /* PostFormViewController.m in Sources */,
				CB1FB42016FCF965003636BA /* ACPlaceholderTextView.m in Sources */,
				CB0AC9B5170234A1007C13B0 /* ShoutboxViewController.m in Sources */,
				CBF60D3917078895004A67C8 /* ShoutboxViewCell.m in Sources */,
				CBD0273C17085E7000EC67D3 /* ThreadFormViewController.m in Sources */,
			);
			runOnlyForDeploymentPostprocessing = 0;
		};
/* End PBXSourcesBuildPhase section */

/* Begin PBXVariantGroup section */
		07F05FF31586709B00380D63 /* InfoPlist.strings */ = {
			isa = PBXVariantGroup;
			children = (
				07F05FF41586709B00380D63 /* en */,
			);
			name = InfoPlist.strings;
			sourceTree = "<group>";
		};
/* End PBXVariantGroup section */

/* Begin XCBuildConfiguration section */
		07F05FFF1586709B00380D63 /* Debug */ = {
			isa = XCBuildConfiguration;
			buildSettings = {
				ALWAYS_SEARCH_USER_PATHS = NO;
				ARCHS = "$(ARCHS_STANDARD_32_BIT)";
				CLANG_WARN_CONSTANT_CONVERSION = YES;
				CLANG_WARN_ENUM_CONVERSION = YES;
				CLANG_WARN_INT_CONVERSION = YES;
				CLANG_WARN__DUPLICATE_METHOD_MATCH = YES;
				"CODE_SIGN_IDENTITY[sdk=iphoneos*]" = "iPhone Developer";
				COPY_PHASE_STRIP = NO;
				GCC_C_LANGUAGE_STANDARD = gnu99;
				GCC_DYNAMIC_NO_PIC = NO;
				GCC_OPTIMIZATION_LEVEL = 0;
				GCC_PREPROCESSOR_DEFINITIONS = (
					"DEBUG=1",
					"$(inherited)",
				);
				GCC_SYMBOLS_PRIVATE_EXTERN = NO;
				GCC_VERSION = com.apple.compilers.llvm.clang.1_0;
				GCC_WARN_ABOUT_RETURN_TYPE = YES;
				GCC_WARN_UNINITIALIZED_AUTOS = YES;
				GCC_WARN_UNUSED_VARIABLE = YES;
				HEADER_SEARCH_PATHS = (
					"$(BUILT_PRODUCTS_DIR)/../three20",
					"$(BUILT_PRODUCTS_DIR)/../../three20",
					../three20/Build/Products/three20,
				);
				IPHONEOS_DEPLOYMENT_TARGET = 5.1;
				ONLY_ACTIVE_ARCH = YES;
				OTHER_LDFLAGS = "-ObjC";
				SDKROOT = iphoneos;
			};
			name = Debug;
		};
		07F060001586709B00380D63 /* Release */ = {
			isa = XCBuildConfiguration;
			buildSettings = {
				ALWAYS_SEARCH_USER_PATHS = NO;
				ARCHS = "$(ARCHS_STANDARD_32_BIT)";
				CLANG_WARN_CONSTANT_CONVERSION = YES;
				CLANG_WARN_ENUM_CONVERSION = YES;
				CLANG_WARN_INT_CONVERSION = YES;
				CLANG_WARN__DUPLICATE_METHOD_MATCH = YES;
				"CODE_SIGN_IDENTITY[sdk=iphoneos*]" = "iPhone Developer";
				COPY_PHASE_STRIP = YES;
				GCC_C_LANGUAGE_STANDARD = gnu99;
				GCC_VERSION = com.apple.compilers.llvm.clang.1_0;
				GCC_WARN_ABOUT_RETURN_TYPE = YES;
				GCC_WARN_UNINITIALIZED_AUTOS = YES;
				GCC_WARN_UNUSED_VARIABLE = YES;
				HEADER_SEARCH_PATHS = (
					"$(BUILT_PRODUCTS_DIR)/../three20",
					"$(BUILT_PRODUCTS_DIR)/../../three20",
					../three20/Build/Products/three20,
				);
				IPHONEOS_DEPLOYMENT_TARGET = 5.1;
				ONLY_ACTIVE_ARCH = YES;
				OTHER_CFLAGS = "-DNS_BLOCK_ASSERTIONS=1";
				OTHER_LDFLAGS = "-ObjC";
				SDKROOT = iphoneos;
				VALIDATE_PRODUCT = YES;
			};
			name = Release;
		};
		07F060021586709B00380D63 /* Debug */ = {
			isa = XCBuildConfiguration;
			buildSettings = {
				GCC_PRECOMPILE_PREFIX_HEADER = YES;
				GCC_PREFIX_HEADER = "Infernales/Infernales-Prefix.pch";
				INFOPLIST_FILE = "Infernales/Infernales-Info.plist";
				IPHONEOS_DEPLOYMENT_TARGET = 5.1;
				PRODUCT_NAME = "$(TARGET_NAME)";
				SDKROOT = iphoneos;
				WRAPPER_EXTENSION = app;
			};
			name = Debug;
		};
		07F060031586709B00380D63 /* Release */ = {
			isa = XCBuildConfiguration;
			buildSettings = {
				GCC_PRECOMPILE_PREFIX_HEADER = YES;
				GCC_PREFIX_HEADER = "Infernales/Infernales-Prefix.pch";
				INFOPLIST_FILE = "Infernales/Infernales-Info.plist";
				IPHONEOS_DEPLOYMENT_TARGET = 5.1;
				PRODUCT_NAME = "$(TARGET_NAME)";
				SDKROOT = iphoneos;
				WRAPPER_EXTENSION = app;
			};
			name = Release;
		};
/* End XCBuildConfiguration section */

/* Begin XCConfigurationList section */
		07F05FDE1586709B00380D63 /* Build configuration list for PBXProject "Infernales" */ = {
			isa = XCConfigurationList;
			buildConfigurations = (
				07F05FFF1586709B00380D63 /* Debug */,
				07F060001586709B00380D63 /* Release */,
			);
			defaultConfigurationIsVisible = 0;
			defaultConfigurationName = Release;
		};
		07F060011586709B00380D63 /* Build configuration list for PBXNativeTarget "Infernales" */ = {
			isa = XCConfigurationList;
			buildConfigurations = (
				07F060021586709B00380D63 /* Debug */,
				07F060031586709B00380D63 /* Release */,
			);
			defaultConfigurationIsVisible = 0;
			defaultConfigurationName = Release;
		};
/* End XCConfigurationList section */

/* Begin XCVersionGroup section */
		07F05FFC1586709B00380D63 /* Infernales.xcdatamodeld */ = {
			isa = XCVersionGroup;
			children = (
				07F05FFD1586709B00380D63 /* Infernales.xcdatamodel */,
			);
			currentVersion = 07F05FFD1586709B00380D63 /* Infernales.xcdatamodel */;
			path = Infernales.xcdatamodeld;
			sourceTree = "<group>";
			versionGroupType = wrapper.xcdatamodel;
		};
/* End XCVersionGroup section */
	};
	rootObject = 07F05FDB1586709B00380D63 /* Project object */;
}
